{
  "name": "app",
  "version": "0.1.0",
  "lockfileVersion": 3,
  "requires": true,
  "packages": {
    "": {
      "name": "app",
      "version": "0.1.0",
      "dependencies": {
        "@ctrl/tinycolor": "^4.1.0",
        "express": "^5.1.0"
      }
    },
    "node_modules/@ctrl/tinycolor": {
      "version": "4.1.1",
      "resolved": "https://registry.npmjs.org/@ctrl/tinycolor/-/tinycolor-4.1.1.tgz",
      "integrity": "sha512-adAbnFTkfDPYSSSCQnDehXsPcJvyrLJqITEZUJHT+MDsPXm5CGOpDpTblAO0DdcYqzy0GbjBLLy7A2vbLoDoEA==",
      "license": "MIT",
      "engines": {
        "node": ">=14"
      }
    },
    "node_modules/express": {
      "version": "5.1.0",
      "resolved": "https://registry.npmjs.org/express/-/express-5.1.0.tgz",
      "integrity": "sha512-DT9ck5YIRU+8GYzzU5kT3eHGA5iL+1Zd0EutOmTE9Dtk+Tvuzd23VBU+ec7HPNSTxXYO55gPV/hq4pSBJDjFpA==",
      "license": "MIT",
      "engines": {
        "node": ">= 18"
      }
    }
  }
}
