# @generated - this file is auto-generated by `mise lock` https://mise.en.dev/dev-tools/mise-lock.html

[[tools.actionlint]]
version = "1.7.12"
backend = "aqua:rhysd/actionlint"

[tools.actionlint."platforms.linux-arm64"]
checksum = "sha256:325e971b6ba9bfa504672e29be93c24981eeb1c07576d730e9f7c8805afff0c6"
url = "https://github.com/rhysd/actionlint/releases/download/v1.7.12/actionlint_1.7.12_linux_arm64.tar.gz"
url_api = "https://api.github.com/repos/rhysd/actionlint/releases/assets/384924897"
provenance = "github-attestations"

[tools.actionlint."platforms.linux-x64"]
checksum = "sha256:8aca8db96f1b94770f1b0d72b6dddcb1ebb8123cb3712530b08cc387b349a3d8"
url = "https://github.com/rhysd/actionlint/releases/download/v1.7.12/actionlint_1.7.12_linux_amd64.tar.gz"
url_api = "https://api.github.com/repos/rhysd/actionlint/releases/assets/384924896"
provenance = "github-attestations"

[tools.actionlint."platforms.macos-arm64"]
checksum = "sha256:aba9ced2dee8d27fecca3dc7feb1a7f9a52caefa1eb46f3271ea66b6e0e6953f"
url = "https://github.com/rhysd/actionlint/releases/download/v1.7.12/actionlint_1.7.12_darwin_arm64.tar.gz"
url_api = "https://api.github.com/repos/rhysd/actionlint/releases/assets/384924893"
provenance = "github-attestations"

[[tools.amp]]
version = "0.0.1783547350-gd57707"
backend = "npm:@ampcode/cli"

[tools.amp.options]
allow_builds = '["@ampcode/cli"]'

[[tools."aqua:anomalyco/opencode"]]
version = "1.18.25"
backend = "aqua:anomalyco/opencode"

[tools."aqua:anomalyco/opencode"."platforms.linux-arm64"]
checksum = "sha256:35ef77897425e41b5183a2c21ac4fb1d4d944d82a94e3c920f57b5490af11ac5"
url = "https://github.com/anomalyco/opencode/releases/download/v1.18.25/opencode-linux-arm64.tar.gz"
url_api = "https://api.github.com/repos/anomalyco/opencode/releases/assets/533313415"

[tools."aqua:anomalyco/opencode"."platforms.linux-x64"]
checksum = "sha256:58a3729a6f3432dd6d2917fcc4a949788891a035818646ad480e12c947f56e78"
url = "https://github.com/anomalyco/opencode/releases/download/v1.18.25/opencode-linux-x64.tar.gz"
url_api = "https://api.github.com/repos/anomalyco/opencode/releases/assets/533313461"

[tools."aqua:anomalyco/opencode"."platforms.macos-arm64"]
checksum = "sha256:606b09722d98069605e16037fb8c3c7c8ebbfed9ba713079a5efb2e5b065ae27"
url = "https://github.com/anomalyco/opencode/releases/download/v1.18.25/opencode-darwin-arm64.zip"
url_api = "https://api.github.com/repos/anomalyco/opencode/releases/assets/533313310"

[[tools."aqua:google/osv-scanner"]]
version = "2.5.1"
backend = "aqua:google/osv-scanner"

[tools."aqua:google/osv-scanner"."platforms.linux-arm64"]
checksum = "sha256:3d0f5aa5a6baa8eb32bcef247388e149ef6030a6634ccae6fa0d62681fb27a6d"
url = "https://github.com/google/osv-scanner/releases/download/v2.5.1/osv-scanner_linux_arm64"
url_api = "https://api.github.com/repos/google/osv-scanner/releases/assets/517615386"

[tools."aqua:google/osv-scanner"."platforms.linux-arm64".provenance.slsa]
url = "https://github.com/google/osv-scanner/releases/download/v2.5.1/multiple.intoto.jsonl"

[tools."aqua:google/osv-scanner"."platforms.linux-x64"]
checksum = "sha256:f9f25499a2c8cc367b3af45df2ea7eeca7fbccceab9c35079968f4b3652194be"
url = "https://github.com/google/osv-scanner/releases/download/v2.5.1/osv-scanner_linux_amd64"
url_api = "https://api.github.com/repos/google/osv-scanner/releases/assets/517615411"

[tools."aqua:google/osv-scanner"."platforms.linux-x64".provenance.slsa]
url = "https://github.com/google/osv-scanner/releases/download/v2.5.1/multiple.intoto.jsonl"

[tools."aqua:google/osv-scanner"."platforms.macos-arm64"]
checksum = "sha256:75c44d6332f892a1e56286f4105a98ed751ae28d215ca0a8b65cc00d84103054"
url = "https://github.com/google/osv-scanner/releases/download/v2.5.1/osv-scanner_darwin_arm64"
url_api = "https://api.github.com/repos/google/osv-scanner/releases/assets/517615384"

[tools."aqua:google/osv-scanner"."platforms.macos-arm64".provenance.slsa]
url = "https://github.com/google/osv-scanner/releases/download/v2.5.1/multiple.intoto.jsonl"

[[tools."aqua:lindell/multi-gitter"]]
version = "0.63.1"
backend = "aqua:lindell/multi-gitter"

[tools."aqua:lindell/multi-gitter"."platforms.linux-arm64"]
checksum = "sha256:f4afde8bf0ab46a433901615e579f3c139ee0347162d615399d4e805e622c1ea"
url = "https://github.com/lindell/multi-gitter/releases/download/v0.63.1/multi-gitter_0.63.1_Linux_ARM64.tar.gz"
url_api = "https://api.github.com/repos/lindell/multi-gitter/releases/assets/416833835"

[tools."aqua:lindell/multi-gitter"."platforms.linux-x64"]
checksum = "sha256:94711a96c75975be9cfd9f3bd1d94a371b85716ac40be35f50b7b4cd271caf8d"
url = "https://github.com/lindell/multi-gitter/releases/download/v0.63.1/multi-gitter_0.63.1_Linux_x86_64.tar.gz"
url_api = "https://api.github.com/repos/lindell/multi-gitter/releases/assets/416833834"

[tools."aqua:lindell/multi-gitter"."platforms.macos-arm64"]
checksum = "sha256:df3ea56fe2fb5684a4634e00de3c69082a64b09fd68a7cf1c4169ebab92de49b"
url = "https://github.com/lindell/multi-gitter/releases/download/v0.63.1/multi-gitter_0.63.1_Darwin_ARM64.tar.gz"
url_api = "https://api.github.com/repos/lindell/multi-gitter/releases/assets/416833832"

[[tools."aqua:shenwei356/rush"]]
version = "0.9.0"
backend = "aqua:shenwei356/rush"

[tools."aqua:shenwei356/rush"."platforms.linux-arm64"]
checksum = "sha256:e8cf6a45eab9e67b952650ea90eb87f457ac1a95a2d7e338eea88a4da488da7b"
url = "https://github.com/shenwei356/rush/releases/download/v0.9.0/rush_linux_arm64.tar.gz"

[tools."aqua:shenwei356/rush"."platforms.linux-x64"]
checksum = "sha256:436d935bcd0dc263d20674201cd3e9c85059d331d8641f970e1e8958ad0af4fc"
url = "https://github.com/shenwei356/rush/releases/download/v0.9.0/rush_linux_amd64.tar.gz"

[tools."aqua:shenwei356/rush"."platforms.macos-arm64"]
checksum = "sha256:f5cd118ee7a04c70849c891e172ed1d3fb85fc5c14a7dacddb1d5c210b0f0613"
url = "https://github.com/shenwei356/rush/releases/download/v0.9.0/rush_darwin_arm64.tar.gz"

[[tools.ast-grep]]
version = "0.45.3"
backend = "aqua:ast-grep/ast-grep"

[tools.ast-grep."platforms.linux-arm64"]
checksum = "sha256:b39cfbc58da4b869a88b8a4bc57bd5deb0d24541e704cf7c257da7b53ec81c8f"
url = "https://github.com/ast-grep/ast-grep/releases/download/0.45.3/app-aarch64-unknown-linux-gnu.zip"
url_api = "https://api.github.com/repos/ast-grep/ast-grep/releases/assets/537333400"

[tools.ast-grep."platforms.linux-x64"]
checksum = "sha256:f8ac830881339d1edee6b2652f54798c0f4da5a827f2db38a08ee31117783ce8"
url = "https://github.com/ast-grep/ast-grep/releases/download/0.45.3/app-x86_64-unknown-linux-gnu.zip"
url_api = "https://api.github.com/repos/ast-grep/ast-grep/releases/assets/537332692"

[tools.ast-grep."platforms.macos-arm64"]
checksum = "sha256:6d2279dea5bea2ad79c66ea93f5fe54ba926e398a8a26de76c56db68fe59eac6"
url = "https://github.com/ast-grep/ast-grep/releases/download/0.45.3/app-aarch64-apple-darwin.zip"
url_api = "https://api.github.com/repos/ast-grep/ast-grep/releases/assets/537332514"

[[tools.aube]]
version = "1.41.0"
backend = "aqua:jdx/aube"

[tools.aube."platforms.linux-arm64"]
checksum = "sha256:012b0da68e9e285aee1564178b2a668f4d79eac9b40868112674ff03c2cdfe22"
url = "https://github.com/jdx/aube/releases/download/v1.41.0/aube-v1.41.0-aarch64-unknown-linux-gnu.tar.gz"
url_api = "https://api.github.com/repos/jdx/aube/releases/assets/517186261"

[tools.aube."platforms.linux-x64"]
checksum = "sha256:965ae6a487c3e280206afb93649e721387dbbba168567f02e2fa5c797c450c2b"
url = "https://github.com/jdx/aube/releases/download/v1.41.0/aube-v1.41.0-x86_64-unknown-linux-gnu.tar.gz"
url_api = "https://api.github.com/repos/jdx/aube/releases/assets/517166989"

[tools.aube."platforms.macos-arm64"]
checksum = "sha256:635720a45125b3cc8afb2979c9a18ed484deecfc91938e9d941e278f529e87e1"
url = "https://github.com/jdx/aube/releases/download/v1.41.0/aube-v1.41.0-aarch64-apple-darwin.tar.gz"
url_api = "https://api.github.com/repos/jdx/aube/releases/assets/517208780"

[[tools.aws]]
version = "2.36.40"
backend = "aqua:aws/aws-cli"

[tools.aws."platforms.linux-arm64"]
url = "https://awscli.amazonaws.com/awscli-exe-linux-aarch64-2.36.40.zip"

[tools.aws."platforms.linux-x64"]
url = "https://awscli.amazonaws.com/awscli-exe-linux-x86_64-2.36.40.zip"

[tools.aws."platforms.macos-arm64"]
checksum = "blake3:5db2bdbe1a49c6b544796a62b37aea7452f706f40d8becea3f41088309084812"
url = "https://awscli.amazonaws.com/AWSCLIV2-2.36.40.pkg"

[[tools.bats]]
version = "1.14.0"
backend = "aqua:bats-core/bats-core"

[tools.bats."platforms.linux-arm64"]
url = "https://github.com/bats-core/bats-core/archive/refs/tags/v1.14.0.tar.gz"
url_api = "https://api.github.com/repos/bats-core/bats-core/tarball/v1.14.0"

[tools.bats."platforms.linux-x64"]
url = "https://github.com/bats-core/bats-core/archive/refs/tags/v1.14.0.tar.gz"
url_api = "https://api.github.com/repos/bats-core/bats-core/tarball/v1.14.0"

[tools.bats."platforms.macos-arm64"]
checksum = "blake3:9b3dc5d296f3da85ce1062c7f9648c979cf2b982f0151f785eaa84d448dec779"
url = "https://github.com/bats-core/bats-core/archive/refs/tags/v1.14.0.tar.gz"
url_api = "https://api.github.com/repos/bats-core/bats-core/tarball/v1.14.0"

[[tools.bun]]
version = "1.3.14"
backend = "core:bun"

[tools.bun."platforms.linux-arm64"]
checksum = "sha256:a27ffb63a8310375836e0d6f668ae17fa8d8d18b88c37c821c65331973a19a3b"
url = "https://github.com/oven-sh/bun/releases/download/bun-v1.3.14/bun-linux-aarch64.zip"

[tools.bun."platforms.linux-arm64-musl"]
checksum = "sha256:b98e0ad3625c5c00d1d5b5ff55605c7adddbfae151861e68ade57b2d3b8703bb"
url = "https://github.com/oven-sh/bun/releases/download/bun-v1.3.14/bun-linux-aarch64-musl.zip"

[tools.bun."platforms.linux-x64"]
checksum = "sha256:951ee2aee855f08595aeec6225226a298d3fea83a3dcd6465c09cbccdf7e848f"
url = "https://github.com/oven-sh/bun/releases/download/bun-v1.3.14/bun-linux-x64.zip"

[tools.bun."platforms.linux-x64-baseline"]
checksum = "sha256:a063908ae08b7852ca10939bbdc6ceed3ddabce8fb9402dce83d65d73b36e6c7"
url = "https://github.com/oven-sh/bun/releases/download/bun-v1.3.14/bun-linux-x64-baseline.zip"

[tools.bun."platforms.linux-x64-musl"]
checksum = "sha256:14bd9aedeebf1dba67e8def9531c89bc989ecfdf1de42e5bfcaf1b8cd9294719"
url = "https://github.com/oven-sh/bun/releases/download/bun-v1.3.14/bun-linux-x64-musl.zip"

[tools.bun."platforms.linux-x64-musl-baseline"]
checksum = "sha256:56a7d6806cf155536c0178f0ea5fbd098e684fa509ebdb4fc0a7e19fb65382dc"
url = "https://github.com/oven-sh/bun/releases/download/bun-v1.3.14/bun-linux-x64-musl-baseline.zip"

[tools.bun."platforms.macos-arm64"]
checksum = "sha256:d8b96221828ad6f97ac7ac0ab7e95872341af763001e8803e8267652c2652620"
url = "https://github.com/oven-sh/bun/releases/download/bun-v1.3.14/bun-darwin-aarch64.zip"

[[tools."cargo:build-wrap"]]
version = "0.7.0"
backend = "cargo:build-wrap"

[[tools.claude]]
version = "2.1.261"
backend = "aqua:anthropics/claude-code"

[tools.claude."platforms.linux-arm64"]
checksum = "sha256:40772aed92ae8dafc719c23b58c595e50b5c2dfd006840fa1ba5cd0a21eea107"
url = "https://github.com/anthropics/claude-code/releases/download/v2.1.261/claude-linux-arm64.tar.gz"
url_api = "https://api.github.com/repos/anthropics/claude-code/releases/assets/544686530"

[tools.claude."platforms.linux-x64"]
checksum = "sha256:9c798b18618cb6c0ec6e6e7ab56eb338fd6f0f679f372a4d6ed76e1ab95c14a0"
url = "https://github.com/anthropics/claude-code/releases/download/v2.1.261/claude-linux-x64.tar.gz"
url_api = "https://api.github.com/repos/anthropics/claude-code/releases/assets/544686589"

[tools.claude."platforms.macos-arm64"]
checksum = "sha256:041fe31aabf7cd5111bc916e5dc0b5b3a2e8d456a0e007b364beaf602f68c265"
url = "https://github.com/anthropics/claude-code/releases/download/v2.1.261/claude-darwin-arm64.tar.gz"
url_api = "https://api.github.com/repos/anthropics/claude-code/releases/assets/544686529"

[[tools.codex]]
version = "0.153.4"
backend = "aqua:openai/codex"

[tools.codex."platforms.linux-arm64"]
checksum = "sha256:fc395cb043a1093ab0db34f44aba3199bfaa9ce640cd9be7fd588f44b0da64a4"
url = "https://github.com/openai/codex/releases/download/rust-v0.153.4/codex-package-aarch64-unknown-linux-musl.tar.gz"
url_api = "https://api.github.com/repos/openai/codex/releases/assets/545043496"

[tools.codex."platforms.linux-x64"]
checksum = "sha256:a822187e1a2420c61c5926721bfbd878701ed95547c9bb0d4de4498a16ba1821"
url = "https://github.com/openai/codex/releases/download/rust-v0.153.4/codex-package-x86_64-unknown-linux-musl.tar.gz"
url_api = "https://api.github.com/repos/openai/codex/releases/assets/545043416"

[tools.codex."platforms.macos-arm64"]
checksum = "sha256:35438da1fbf7a6db7ddb3bcec84448fa6015ba188461472a97d9d1da7d9c4353"
url = "https://github.com/openai/codex/releases/download/rust-v0.153.4/codex-package-aarch64-apple-darwin.tar.gz"
url_api = "https://api.github.com/repos/openai/codex/releases/assets/545043538"

[[tools.deno]]
version = "2.9.6"
backend = "core:deno"

[tools.deno."platforms.linux-arm64"]
checksum = "sha256:9a46afc6c392c7cd2ff71a31558935545b46408d0e87f7a86908c712721c046e"
url = "https://dl.deno.land/release/v2.9.6/deno-aarch64-unknown-linux-gnu.zip"

[tools.deno."platforms.linux-x64"]
checksum = "sha256:394f07f4da2bebe6ce6f1e7ce0fa16429b29b08c35e3fac3fe25972676dff4b2"
url = "https://dl.deno.land/release/v2.9.6/deno-x86_64-unknown-linux-gnu.zip"

[tools.deno."platforms.macos-arm64"]
checksum = "sha256:213a2f304f04d3c9cb5220669afad138f60a5aab1fe80962abdeb8f35807a472"
url = "https://dl.deno.land/release/v2.9.6/deno-aarch64-apple-darwin.zip"

[[tools.fnox]]
version = "1.34.1"
backend = "github:jdx/fnox"

[tools.fnox."platforms.linux-arm64"]
checksum = "sha256:8a6a64c1f2367e6f61366a4cd206c4a8e2163aa72654c61ecb08de042afc8b06"
url = "https://github.com/jdx/fnox/releases/download/v1.34.1/fnox-aarch64-unknown-linux-gnu.tar.gz"
url_api = "https://api.github.com/repos/jdx/fnox/releases/assets/531310159"
provenance = "github-attestations"

[tools.fnox."platforms.linux-x64"]
checksum = "sha256:19961030a6580bc4e4153ab1d2ae112e28e09611971f3bcc0d2dc90ffd47603c"
url = "https://github.com/jdx/fnox/releases/download/v1.34.1/fnox-x86_64-unknown-linux-gnu.tar.gz"
url_api = "https://api.github.com/repos/jdx/fnox/releases/assets/531310192"
provenance = "github-attestations"

[tools.fnox."platforms.macos-arm64"]
checksum = "sha256:b9efa09f551470f8d664a2e040754d14993293e45dc08a69df4a9df782bbd1d4"
url = "https://github.com/jdx/fnox/releases/download/v1.34.1/fnox-aarch64-apple-darwin.tar.gz"
url_api = "https://api.github.com/repos/jdx/fnox/releases/assets/531310160"
provenance = "github-attestations"
provenance_verified = true

[[tools.gcloud]]
version = "582.0.0"
backend = "vfox:mise-plugins/vfox-gcloud"

[tools.gcloud."platforms.linux-arm64"]
url = "https://storage.googleapis.com/cloud-sdk-release/google-cloud-sdk-582.0.0-linux-arm.tar.gz"

[tools.gcloud."platforms.linux-x64"]
url = "https://storage.googleapis.com/cloud-sdk-release/google-cloud-sdk-582.0.0-linux-x86_64.tar.gz"

[tools.gcloud."platforms.macos-arm64"]
url = "https://storage.googleapis.com/cloud-sdk-release/google-cloud-sdk-582.0.0-darwin-arm.tar.gz"

[[tools."github:CosineAI/argusred-dist"]]
version = "0.1.7"
backend = "github:CosineAI/argusred-dist"

[tools."github:CosineAI/argusred-dist"."platforms.linux-arm64"]
checksum = "sha256:6f34cdd1c2f1873c80790829b6938c799f3ba01a470be04e8e42145b4be98bd3"
url = "https://github.com/CosineAI/argusred-dist/releases/download/v0.1.7/argusred-linux-arm64.tar.gz"
url_api = "https://api.github.com/repos/CosineAI/argusred-dist/releases/assets/452991385"

[tools."github:CosineAI/argusred-dist"."platforms.linux-x64"]
checksum = "sha256:cc30ecc61f2f9d9cab0b68d39338ae581ebb3efbfef4cf262f96b5caeba228e4"
url = "https://github.com/CosineAI/argusred-dist/releases/download/v0.1.7/argusred-linux-amd64.tar.gz"
url_api = "https://api.github.com/repos/CosineAI/argusred-dist/releases/assets/452990685"

[tools."github:CosineAI/argusred-dist"."platforms.macos-arm64"]
checksum = "sha256:90e57237ba3501a49fd019433d5aea5965f53efed98157624516296eaf7a7cc2"
url = "https://github.com/CosineAI/argusred-dist/releases/download/v0.1.7/argusred-darwin-arm64.tar.gz"
url_api = "https://api.github.com/repos/CosineAI/argusred-dist/releases/assets/452990911"

[[tools."github:CosineAI/cli"]]
version = "2.0.27"
backend = "github:CosineAI/cli"

[tools."github:CosineAI/cli"."platforms.linux-arm64"]
checksum = "sha256:83b358dc61648251003d087ee9f2c5c4cb29f43d8688444bd0e7f797f653c396"
url = "https://github.com/CosineAI/cli/releases/download/2.0.27/cos-linux-arm64.zip"
url_api = "https://api.github.com/repos/CosineAI/cli/releases/assets/484630645"

[tools."github:CosineAI/cli"."platforms.linux-x64"]
checksum = "sha256:81eb8e8b6205e3ee56d00e329f14a812595e2055ccdaadc1d6bc754d3d20703e"
url = "https://github.com/CosineAI/cli/releases/download/2.0.27/cos-linux-amd64.zip"
url_api = "https://api.github.com/repos/CosineAI/cli/releases/assets/484630643"

[tools."github:CosineAI/cli"."platforms.macos-arm64"]
checksum = "sha256:846ad4d1bf6b2974595b80e399bd293b72c4b566661d39afa1fc04c5a3e3e947"
url = "https://github.com/CosineAI/cli/releases/download/2.0.27/cos-darwin-arm64.zip"
url_api = "https://api.github.com/repos/CosineAI/cli/releases/assets/484630646"

[[tools."github:can1357/oh-my-pi"]]
version = "17.4.2"
backend = "github:can1357/oh-my-pi"

[tools."github:can1357/oh-my-pi"."platforms.linux-arm64"]
checksum = "sha256:a4fde8f82a6a229b815b5291dc111db4c60532cb2df8484b4ac2654116cbdbfc"
url = "https://github.com/can1357/oh-my-pi/releases/download/v17.4.2/omp-linux-arm64"
url_api = "https://api.github.com/repos/can1357/oh-my-pi/releases/assets/524226017"

[tools."github:can1357/oh-my-pi"."platforms.linux-x64"]
checksum = "sha256:218a8684c2b11256b47e28ba131adfb2a03e988eddd8567bd836b7c51dd02005"
url = "https://github.com/can1357/oh-my-pi/releases/download/v17.4.2/omp-linux-x64"
url_api = "https://api.github.com/repos/can1357/oh-my-pi/releases/assets/524226016"

[tools."github:can1357/oh-my-pi"."platforms.macos-arm64"]
checksum = "sha256:357d5e7a00ec3d352cac5dfcfeba15781e1e2d0a9074479222717a7b5ddd0406"
url = "https://github.com/can1357/oh-my-pi/releases/download/v17.4.2/omp-darwin-arm64"
url_api = "https://api.github.com/repos/can1357/oh-my-pi/releases/assets/524226018"

[[tools."github:herdrdev/herdr"]]
version = "0.8.2"
backend = "github:herdrdev/herdr"

[tools."github:herdrdev/herdr"."platforms.linux-arm64"]
checksum = "sha256:f55610658e1c2e0d2aaef730b4b2ab885f7f8ba00285ab372bfb14f2e3d5b40d"
url = "https://github.com/herdrdev/herdr/releases/download/v0.8.2/herdr-linux-aarch64"
url_api = "https://api.github.com/repos/herdrdev/herdr/releases/assets/521169113"
provenance = "github-attestations"

[tools."github:herdrdev/herdr"."platforms.linux-x64"]
checksum = "sha256:976150a14d490c94b243ea2e1a7eb2dfb67f12e36b182db90936f6728e6aecf4"
url = "https://github.com/herdrdev/herdr/releases/download/v0.8.2/herdr-linux-x86_64"
url_api = "https://api.github.com/repos/herdrdev/herdr/releases/assets/521169107"
provenance = "github-attestations"

[tools."github:herdrdev/herdr"."platforms.macos-arm64"]
checksum = "sha256:a5d4f4d504d8b309c91f811050559300faba31258425f53c50852fc96f6ae574"
url = "https://github.com/herdrdev/herdr/releases/download/v0.8.2/herdr-macos-aarch64"
url_api = "https://api.github.com/repos/herdrdev/herdr/releases/assets/521169108"
provenance = "github-attestations"
provenance_verified = true

[[tools."github:ogulcancelik/herdr"]]
version = "0.7.5"
backend = "github:ogulcancelik/herdr"

[tools."github:ogulcancelik/herdr"."platforms.linux-arm64"]
checksum = "sha256:32e763a1499a6b694b1d708e4f062b743be1da9f34fcfa4d212d6db6fe09a8b9"
url = "https://github.com/ogulcancelik/herdr/releases/download/v0.7.5/herdr-linux-aarch64"
url_api = "https://api.github.com/repos/ogulcancelik/herdr/releases/assets/484992543"

[tools."github:ogulcancelik/herdr"."platforms.linux-x64"]
checksum = "sha256:3dc83288073e4c2d3c679a30e7be97bcca9141c6fd17dbbb9219142e95c59253"
url = "https://github.com/ogulcancelik/herdr/releases/download/v0.7.5/herdr-linux-x86_64"
url_api = "https://api.github.com/repos/ogulcancelik/herdr/releases/assets/484992544"

[tools."github:ogulcancelik/herdr"."platforms.macos-arm64"]
checksum = "sha256:37350546b0012555943b92eaf962665de4e264395baeb44227b8015e8ff5b0d6"
url = "https://github.com/ogulcancelik/herdr/releases/download/v0.7.5/herdr-macos-aarch64"
url_api = "https://api.github.com/repos/ogulcancelik/herdr/releases/assets/484992542"

[[tools."github:tamnd/kage"]]
version = "0.3.12"
backend = "github:tamnd/kage"

[tools."github:tamnd/kage"."platforms.linux-arm64"]
checksum = "sha256:fce501df4822b27a20802c7ed0b04de3518502e94fed22c34a522fb090048f1c"
url = "https://github.com/tamnd/kage/releases/download/v0.3.12/kage_0.3.12_linux_arm64.tar.gz"
url_api = "https://api.github.com/repos/tamnd/kage/releases/assets/508439973"

[tools."github:tamnd/kage"."platforms.linux-x64"]
checksum = "sha256:96560dc38f5af3dcb1744466abb0d60aaa55f1e98fd91008bbcfad21414d5b7b"
url = "https://github.com/tamnd/kage/releases/download/v0.3.12/kage_0.3.12_linux_amd64.tar.gz"
url_api = "https://api.github.com/repos/tamnd/kage/releases/assets/508439967"

[tools."github:tamnd/kage"."platforms.macos-arm64"]
checksum = "sha256:df02cfebb29328acc194001ae23b331828b13039b09e417a1aa50e6897416364"
url = "https://github.com/tamnd/kage/releases/download/v0.3.12/kage_0.3.12_darwin_arm64.tar.gz"
url_api = "https://api.github.com/repos/tamnd/kage/releases/assets/508439957"

[[tools."github:vercel-labs/fx"]]
version = "0.0.3"
backend = "github:vercel-labs/fx"

[tools."github:vercel-labs/fx"."platforms.linux-arm64"]
checksum = "sha256:867eb2d669693ae0b5e3453a571230ba3b67465626d566cbca83ae8432b1e03a"
url = "https://github.com/vercel-labs/fx/releases/download/v0.0.3/fx-linux-aarch64.tar.gz"
url_api = "https://api.github.com/repos/vercel-labs/fx/releases/assets/519961716"

[tools."github:vercel-labs/fx"."platforms.linux-x64"]
checksum = "sha256:23d32e60233b24581b9ce1965b65bab6a46d5693a24add7817854aef3adf5bfb"
url = "https://github.com/vercel-labs/fx/releases/download/v0.0.3/fx-linux-x86_64.tar.gz"
url_api = "https://api.github.com/repos/vercel-labs/fx/releases/assets/519961714"

[tools."github:vercel-labs/fx"."platforms.macos-arm64"]
checksum = "sha256:87c4939621b0c028e4506f18416b8722ded0dbace6358380011400c8ed127a8b"
url = "https://github.com/vercel-labs/fx/releases/download/v0.0.3/fx-macos-aarch64.tar.gz"
url_api = "https://api.github.com/repos/vercel-labs/fx/releases/assets/519961713"

[[tools.gitleaks]]
version = "8.30.1"
backend = "aqua:gitleaks/gitleaks"

[tools.gitleaks."platforms.linux-arm64"]
checksum = "sha256:e4a487ee7ccd7d3a7f7ec08657610aa3606637dab924210b3aee62570fb4b080"
url = "https://github.com/gitleaks/gitleaks/releases/download/v8.30.1/gitleaks_8.30.1_linux_arm64.tar.gz"

[tools.gitleaks."platforms.linux-x64"]
checksum = "sha256:551f6fc83ea457d62a0d98237cbad105af8d557003051f41f3e7ca7b3f2470eb"
url = "https://github.com/gitleaks/gitleaks/releases/download/v8.30.1/gitleaks_8.30.1_linux_x64.tar.gz"

[tools.gitleaks."platforms.macos-arm64"]
checksum = "sha256:b40ab0ae55c505963e365f271a8d3846efbc170aa17f2607f13df610a9aeb6a5"
url = "https://github.com/gitleaks/gitleaks/releases/download/v8.30.1/gitleaks_8.30.1_darwin_arm64.tar.gz"

[[tools.hcloud]]
version = "1.67.0"
backend = "aqua:hetznercloud/cli"

[tools.hcloud."platforms.linux-arm64"]
checksum = "sha256:343a0c86cbdae5d370f1a199ecdfc67c2026d153114ef0992529b692cb9937e8"
url = "https://github.com/hetznercloud/cli/releases/download/v1.67.0/hcloud-linux-arm64.tar.gz"
url_api = "https://api.github.com/repos/hetznercloud/cli/releases/assets/488375576"

[tools.hcloud."platforms.linux-x64"]
checksum = "sha256:7164483e05a1abef492768db429a28c21d579dc70e807558cb140debc2971477"
url = "https://github.com/hetznercloud/cli/releases/download/v1.67.0/hcloud-linux-amd64.tar.gz"
url_api = "https://api.github.com/repos/hetznercloud/cli/releases/assets/488375554"

[tools.hcloud."platforms.macos-arm64"]
checksum = "sha256:086295a836f4ee3ff062d6435c4b93108833b35278249414c461857aa42ac21a"
url = "https://github.com/hetznercloud/cli/releases/download/v1.67.0/hcloud-darwin-arm64.tar.gz"
url_api = "https://api.github.com/repos/hetznercloud/cli/releases/assets/488375578"

[[tools.hk]]
version = "1.57.0"
backend = "aqua:jdx/hk"

[tools.hk."platforms.linux-arm64"]
checksum = "sha256:af6768ba1e3041a988b6518bf8b6e8900dc6a2001208b3f548545fe7de4e6f22"
url = "https://github.com/jdx/hk/releases/download/v1.57.0/hk-aarch64-unknown-linux-gnu.tar.gz"
url_api = "https://api.github.com/repos/jdx/hk/releases/assets/536864258"

[tools.hk."platforms.linux-x64"]
checksum = "sha256:71449da0187a957233e1cf08565ed3c85fe67cd8d5942a15bc231579e1c7e380"
url = "https://github.com/jdx/hk/releases/download/v1.57.0/hk-x86_64-unknown-linux-gnu.tar.gz"
url_api = "https://api.github.com/repos/jdx/hk/releases/assets/536864279"

[tools.hk."platforms.macos-arm64"]
checksum = "sha256:7b10c00e1f1b51d3e43cd5e738cc5fd93bf3ec0b777505744ac37c8b1e171188"
url = "https://github.com/jdx/hk/releases/download/v1.57.0/hk-aarch64-apple-darwin.tar.gz"
url_api = "https://api.github.com/repos/jdx/hk/releases/assets/536864261"

[[tools.lychee]]
version = "0.24.2"
backend = "aqua:lycheeverse/lychee"

[tools.lychee."platforms.linux-arm64"]
checksum = "sha256:5d0b0e3aeab240f41920c633a6eaf97599be6eedda034b36e858ede7dba5e535"
url = "https://github.com/lycheeverse/lychee/releases/download/lychee-v0.24.2/lychee-aarch64-unknown-linux-musl.tar.gz"
url_api = "https://api.github.com/repos/lycheeverse/lychee/releases/assets/409958602"

[tools.lychee."platforms.linux-x64"]
checksum = "sha256:73657a111819a30c47c08352896796f23d64e4eb2b3ed39b6d32149241566fc5"
url = "https://github.com/lycheeverse/lychee/releases/download/lychee-v0.24.2/lychee-x86_64-unknown-linux-musl.tar.gz"
url_api = "https://api.github.com/repos/lycheeverse/lychee/releases/assets/409959271"

[tools.lychee."platforms.macos-arm64"]
checksum = "sha256:c9d3740ea2d891854d37116c9fba840f37b6e7c89d330e7db84ac333631c4977"
url = "https://github.com/lycheeverse/lychee/releases/download/lychee-v0.24.2/lychee-aarch64-apple-darwin.tar.gz"
url_api = "https://api.github.com/repos/lycheeverse/lychee/releases/assets/409957951"

[[tools.node]]
version = "24.20.0"
backend = "core:node"

[tools.node.options]
compile = "false"

[tools.node."platforms.linux-arm64"]
checksum = "sha256:3515603e2487879a39bc75716f1a2affd027500c64ba50e845cf72cb33219013"
url = "https://nodejs.org/dist/v24.20.0/node-v24.20.0-linux-arm64.tar.gz"

[tools.node."platforms.linux-x64"]
checksum = "sha256:855d581f8a4eb1a8117e3426de25fe02770592febcfb31369aee1ffbfee9e8ec"
url = "https://nodejs.org/dist/v24.20.0/node-v24.20.0-linux-x64.tar.gz"

[tools.node."platforms.macos-arm64"]
checksum = "sha256:40e5607e5ecb3db9192723776da2d75d966260fc74a7a9e731c1bd67dda96bc8"
url = "https://nodejs.org/dist/v24.20.0/node-v24.20.0-darwin-arm64.tar.gz"

[[tools."npm:@anthropic-ai/sandbox-runtime"]]
version = "0.0.62"
backend = "npm:@anthropic-ai/sandbox-runtime"

[[tools."npm:@earendil-works/pi-coding-agent"]]
version = "0.84.4"
backend = "npm:@earendil-works/pi-coding-agent"

[[tools."npm:@elevenlabs/cli"]]
version = "0.5.6"
backend = "npm:@elevenlabs/cli"

[[tools."npm:@kitlangton/ghui"]]
version = "0.9.0"
backend = "npm:@kitlangton/ghui"

[[tools."npm:@playwright/cli"]]
version = "0.1.18"
backend = "npm:@playwright/cli"

[[tools."npm:@tobilu/qmd"]]
version = "2.8.3"
backend = "npm:@tobilu/qmd"

[tools."npm:@tobilu/qmd".options]
allow_builds = '["better-sqlite3", "node-llama-cpp", "sqlite-vec", "tree-sitter-go", "tree-sitter-javascript", "tree-sitter-python", "tree-sitter-rust", "tree-sitter-typescript"]'

[[tools."npm:agent-browser"]]
version = "0.36.0"
backend = "npm:agent-browser"

[[tools."npm:agent-device"]]
version = "0.20.10"
backend = "npm:agent-device"

[[tools."npm:apify-cli"]]
version = "1.9.0"
backend = "npm:apify-cli"

[[tools."npm:cf"]]
version = "0.8.0"
backend = "npm:cf"

[[tools."npm:critique"]]
version = "0.1.140"
backend = "npm:critique"

[[tools."npm:ctx7"]]
version = "0.5.9"
backend = "npm:ctx7"

[[tools."npm:deepsec"]]
version = "2.3.8"
backend = "npm:deepsec"

[[tools."npm:executor"]]
version = "1.6.7"
backend = "npm:executor"

[[tools."npm:firecrawl-cli"]]
version = "1.23.3"
backend = "npm:firecrawl-cli"

[[tools."npm:hunkdiff"]]
version = "0.20.1"
backend = "npm:hunkdiff"

[[tools."npm:obsidian-headless"]]
version = "0.0.14"
backend = "npm:obsidian-headless"

[[tools."npm:playwright"]]
version = "1.62.1"
backend = "npm:playwright"

[[tools."npm:portless"]]
version = "0.15.6"
backend = "npm:portless"

[[tools."npm:remobi"]]
version = "1.2.1"
backend = "npm:remobi"

[[tools."npm:serve-sim"]]
version = "0.1.46"
backend = "npm:serve-sim"

[[tools."npm:sharp-cli"]]
version = "5.3.0"
backend = "npm:sharp-cli"

[[tools."npm:skills"]]
version = "1.5.23"
backend = "npm:skills"

[[tools."npm:svgo"]]
version = "4.1.0"
backend = "npm:svgo"

[[tools."npm:typescript"]]
version = "7.0.2"
backend = "npm:typescript"

[[tools."npm:vercel"]]
version = "59.10.0"
backend = "npm:vercel"

[[tools."npm:vgpu"]]
version = "0.3.1"
backend = "npm:vgpu"

[[tools."npm:wrangler"]]
version = "4.127.1"
backend = "npm:wrangler"

[[tools.oxlint]]
version = "1.80.0"
backend = "npm:oxlint"

[[tools.pandoc]]
version = "3.11"
backend = "github:jgm/pandoc"

[tools.pandoc."platforms.linux-arm64"]
checksum = "sha256:56ed5566ec41d22ec9ee0704e6ac0b98ba102e92384efd5306173a22d314c79a"
url = "https://github.com/jgm/pandoc/releases/download/3.11/pandoc-3.11-linux-arm64.tar.gz"
url_api = "https://api.github.com/repos/jgm/pandoc/releases/assets/534533345"
provenance = "github-attestations"

[tools.pandoc."platforms.linux-x64"]
checksum = "sha256:37edb3bbcf722f921a009941bf5874e2e0c09263226c9b4a2d980788cb062ab6"
url = "https://github.com/jgm/pandoc/releases/download/3.11/pandoc-3.11-linux-amd64.tar.gz"
url_api = "https://api.github.com/repos/jgm/pandoc/releases/assets/534533278"
provenance = "github-attestations"

[tools.pandoc."platforms.macos-arm64"]
checksum = "sha256:15806bedf9517bfead72e88fe6a6696635c3691efbb6e152173440e9c5bb50b4"
url = "https://github.com/jgm/pandoc/releases/download/3.11/pandoc-3.11-arm64-macOS.zip"
url_api = "https://api.github.com/repos/jgm/pandoc/releases/assets/534533197"
provenance = "github-attestations"
provenance_verified = true

[[tools."pipx:batrachian-toad"]]
version = "0.6.20"
backend = "pipx:batrachian-toad"

[[tools."pipx:docling"]]
version = "2.124.0"
backend = "pipx:docling"

[[tools."pipx:markitdown"]]
version = "0.1.7"
backend = "pipx:markitdown"

[tools."pipx:markitdown".options]
extras = "pdf,docx,pptx,xlsx,xls,outlook,audio-transcription,youtube-transcription"

[[tools."pipx:pyrefly"]]
version = "1.2.0"
backend = "pipx:pyrefly"

[[tools."pipx:rembg"]]
version = "2.0.69"
backend = "pipx:rembg"

[tools."pipx:rembg".options]
extras = "cli,cpu"
uvx_args = "--with numpy<2.3"

[[tools."pipx:tau-ai"]]
version = "0.4.1"
backend = "pipx:tau-ai"

[[tools."pipx:ty"]]
version = "0.0.77"
backend = "pipx:ty"

[[tools.pkl]]
version = "0.32.1"
backend = "aqua:apple/pkl"

[tools.pkl."platforms.linux-arm64"]
checksum = "sha256:a76d2dd47da435a8f911b0347373f47c7e59ea54fb75ff846d20b8df10dba058"
url = "https://github.com/apple/pkl/releases/download/0.32.1/pkl-linux-aarch64"
url_api = "https://api.github.com/repos/apple/pkl/releases/assets/487426568"

[tools.pkl."platforms.linux-x64"]
checksum = "sha256:3180b62da95c0cad1d904e9bb6c5f4a8f9032413c21e53194bb91ff1ee5f3211"
url = "https://github.com/apple/pkl/releases/download/0.32.1/pkl-linux-amd64"
url_api = "https://api.github.com/repos/apple/pkl/releases/assets/487426567"

[tools.pkl."platforms.macos-arm64"]
checksum = "sha256:563eb51c9a20b16a3625464ed745c675ed9750381f2126722696a0d7cac1d9d3"
url = "https://github.com/apple/pkl/releases/download/0.32.1/pkl-macos-aarch64"
url_api = "https://api.github.com/repos/apple/pkl/releases/assets/487426570"

[[tools.pnpm]]
version = "11.25.0"
backend = "aqua:pnpm/pnpm"

[tools.pnpm."platforms.linux-arm64"]
checksum = "sha256:6d62b433b7a77b77e814dfaca8032bae57bb79c1a5ad50442e688c4f7fed3c8a"
url = "https://github.com/pnpm/pnpm/releases/download/v11.25.0/pnpm-linux-arm64.tar.gz"
url_api = "https://api.github.com/repos/pnpm/pnpm/releases/assets/535298943"
provenance = "github-attestations"

[tools.pnpm."platforms.linux-x64"]
checksum = "sha256:11caeed8b581d460638f836f10f6ead19cbf08d774a5b8e502628b20ebf3ac43"
url = "https://github.com/pnpm/pnpm/releases/download/v11.25.0/pnpm-linux-x64.tar.gz"
url_api = "https://api.github.com/repos/pnpm/pnpm/releases/assets/535298945"
provenance = "github-attestations"

[tools.pnpm."platforms.macos-arm64"]
checksum = "sha256:cdcf7130ed2e7aa324c7c76ab597de66db0529b6b1e0db9e489bde538fdc0d04"
url = "https://github.com/pnpm/pnpm/releases/download/v11.25.0/pnpm-darwin-arm64.tar.gz"
url_api = "https://api.github.com/repos/pnpm/pnpm/releases/assets/535298948"
provenance = "github-attestations"

[[tools.python]]
version = "3.14.7"
backend = "core:python"

[tools.python."platforms.linux-arm64"]
checksum = "sha256:4dba8d7e06199f841a9d6b54e4eb58d446a5c20c65085a916190dd0162c6e93b"
url = "https://github.com/astral-sh/python-build-standalone/releases/download/20260807/cpython-3.14.7+20260807-aarch64-unknown-linux-gnu-install_only_stripped.tar.gz"
provenance = "github-attestations"

[tools.python."platforms.linux-x64"]
checksum = "sha256:a2478d654ed51d443bae21ec20ad927f116b4f5aae4094ab74918a6aa38f0575"
url = "https://github.com/astral-sh/python-build-standalone/releases/download/20260807/cpython-3.14.7+20260807-x86_64-unknown-linux-gnu-install_only_stripped.tar.gz"
provenance = "github-attestations"

[tools.python."platforms.macos-arm64"]
checksum = "blake3:0fffab4211fa179caf8acb8324e08af1ba0c13288d5f1677c4f8eb2b40601cc0"
url = "https://github.com/astral-sh/python-build-standalone/releases/download/20260807/cpython-3.14.7+20260807-aarch64-apple-darwin-install_only_stripped.tar.gz"
provenance = "github-attestations"

[[tools.ruff]]
version = "0.16.5"
backend = "aqua:astral-sh/ruff"

[tools.ruff."platforms.linux-arm64"]
checksum = "sha256:ae88ae21344546a4b3e5d342360197ea8e79d3794d673cc807c6f302d8b87f03"
url = "https://github.com/astral-sh/ruff/releases/download/0.16.5/ruff-aarch64-unknown-linux-musl.tar.gz"
url_api = "https://api.github.com/repos/astral-sh/ruff/releases/assets/532582818"
provenance = "github-attestations"

[tools.ruff."platforms.linux-x64"]
checksum = "sha256:0c560ee4a72245c6d0c9cdfd9dd69cbdc348b9448349707cf4061cea62472059"
url = "https://github.com/astral-sh/ruff/releases/download/0.16.5/ruff-x86_64-unknown-linux-musl.tar.gz"
url_api = "https://api.github.com/repos/astral-sh/ruff/releases/assets/532582902"
provenance = "github-attestations"

[tools.ruff."platforms.macos-arm64"]
checksum = "sha256:ed142f8656e0092828c103dd058b55b871c88e13a801cade8f860d8a9ca8943e"
url = "https://github.com/astral-sh/ruff/releases/download/0.16.5/ruff-aarch64-apple-darwin.tar.gz"
url_api = "https://api.github.com/repos/astral-sh/ruff/releases/assets/532582805"
provenance = "github-attestations"

[[tools.rumdl]]
version = "0.2.62"
backend = "aqua:rvben/rumdl"

[tools.rumdl."platforms.linux-arm64"]
checksum = "sha256:79ec0b4771b1026dd337b942fc6f05655dd30503434f0412adf7b2feed402c44"
url = "https://github.com/rvben/rumdl/releases/download/v0.2.62/rumdl-v0.2.62-aarch64-unknown-linux-musl.tar.gz"
url_api = "https://api.github.com/repos/rvben/rumdl/releases/assets/532322353"
provenance = "github-attestations"

[tools.rumdl."platforms.linux-x64"]
checksum = "sha256:f2581ed4b9cccff9288ee395777911f194368b28e0e0258070e94b7859a30b7e"
url = "https://github.com/rvben/rumdl/releases/download/v0.2.62/rumdl-v0.2.62-x86_64-unknown-linux-musl.tar.gz"
url_api = "https://api.github.com/repos/rvben/rumdl/releases/assets/532322358"
provenance = "github-attestations"

[tools.rumdl."platforms.macos-arm64"]
checksum = "sha256:3fd051ccb75e790635a7eb19585b4060c4c78bd3e7362daa98fa55dc46626b41"
url = "https://github.com/rvben/rumdl/releases/download/v0.2.62/rumdl-v0.2.62-aarch64-apple-darwin.tar.gz"
url_api = "https://api.github.com/repos/rvben/rumdl/releases/assets/532322359"
provenance = "github-attestations"

[[tools.rust]]
version = "1.98.0"
backend = "core:rust"

[[tools.shellcheck]]
version = "0.11.0"
backend = "aqua:koalaman/shellcheck"

[tools.shellcheck."platforms.linux-arm64"]
checksum = "sha256:12b331c1d2db6b9eb13cfca64306b1b157a86eb69db83023e261eaa7e7c14588"
url = "https://github.com/koalaman/shellcheck/releases/download/v0.11.0/shellcheck-v0.11.0.linux.aarch64.tar.xz"

[tools.shellcheck."platforms.linux-x64"]
checksum = "sha256:8c3be12b05d5c177a04c29e3c78ce89ac86f1595681cab149b65b97c4e227198"
url = "https://github.com/koalaman/shellcheck/releases/download/v0.11.0/shellcheck-v0.11.0.linux.x86_64.tar.xz"

[tools.shellcheck."platforms.macos-arm64"]
checksum = "sha256:56affdd8de5527894dca6dc3d7e0a99a873b0f004d7aabc30ae407d3f48b0a79"
url = "https://github.com/koalaman/shellcheck/releases/download/v0.11.0/shellcheck-v0.11.0.darwin.aarch64.tar.xz"

[[tools.shfmt]]
version = "3.14.0"
backend = "aqua:mvdan/sh"

[tools.shfmt."platforms.linux-arm64"]
checksum = "sha256:8029959a945b5c6f2bc92ce53fca5cf0384c811cc0884b25b196a093a005657a"
url = "https://github.com/mvdan/sh/releases/download/v3.14.0/shfmt_v3.14.0_linux_arm64"
url_api = "https://api.github.com/repos/mvdan/sh/releases/assets/534119958"

[tools.shfmt."platforms.linux-x64"]
checksum = "sha256:fe42021c7272ef2d67ea36cbc3031683c625d0badec733ef3a57b567246a0b66"
url = "https://github.com/mvdan/sh/releases/download/v3.14.0/shfmt_v3.14.0_linux_amd64"
url_api = "https://api.github.com/repos/mvdan/sh/releases/assets/534119985"

[tools.shfmt."platforms.macos-arm64"]
checksum = "sha256:4710ba8074a74334069719d5b82f8cb97532e5623bfe43ef7cdb3442101b9cb2"
url = "https://github.com/mvdan/sh/releases/download/v3.14.0/shfmt_v3.14.0_darwin_arm64"
url_api = "https://api.github.com/repos/mvdan/sh/releases/assets/534120008"

[[tools.typos]]
version = "1.50.0"
backend = "aqua:crate-ci/typos"

[tools.typos."platforms.linux-arm64"]
checksum = "sha256:a520651f52199efc91a27aa2b82362e93d50e7d96386d3d48b28c2ad06b9ae4e"
url = "https://github.com/crate-ci/typos/releases/download/v1.50.0/typos-v1.50.0-aarch64-unknown-linux-musl.tar.gz"
url_api = "https://api.github.com/repos/crate-ci/typos/releases/assets/534125470"

[tools.typos."platforms.linux-x64"]
checksum = "sha256:a1497c9626ba0bab731b3e37c12ac9051bbfa2a253463d4d574c28f190b5497b"
url = "https://github.com/crate-ci/typos/releases/download/v1.50.0/typos-v1.50.0-x86_64-unknown-linux-musl.tar.gz"
url_api = "https://api.github.com/repos/crate-ci/typos/releases/assets/534125001"

[tools.typos."platforms.macos-arm64"]
checksum = "sha256:3c9e3cdc20fbed3812c1f2060650398e88af0c0a251bbe069398752dd71513ed"
url = "https://github.com/crate-ci/typos/releases/download/v1.50.0/typos-v1.50.0-aarch64-apple-darwin.tar.gz"
url_api = "https://api.github.com/repos/crate-ci/typos/releases/assets/534128210"

[[tools.usage]]
version = "5.1.0"
backend = "aqua:jdx/usage"

[tools.usage."platforms.linux-arm64"]
checksum = "sha256:e2056b06c8d13f109389d53e758b4e79208f01360dec996751bc48ce658eb200"
url = "https://github.com/jdx/usage/releases/download/v5.1.0/usage-aarch64-unknown-linux-musl.tar.gz"
url_api = "https://api.github.com/repos/jdx/usage/releases/assets/507608014"

[tools.usage."platforms.linux-x64"]
checksum = "sha256:a702c639f8e25d1e10f42ab37e09b8f73634c09b23c7abe2ebd6ab6f9665e99c"
url = "https://github.com/jdx/usage/releases/download/v5.1.0/usage-x86_64-unknown-linux-musl.tar.gz"
url_api = "https://api.github.com/repos/jdx/usage/releases/assets/507608023"

[tools.usage."platforms.macos-arm64"]
checksum = "sha256:ca35e60afd2895ec0b5be9162dbef155a76384ce43573b1ab8a04fbb46e70cd9"
url = "https://github.com/jdx/usage/releases/download/v5.1.0/usage-universal-apple-darwin.tar.gz"
url_api = "https://api.github.com/repos/jdx/usage/releases/assets/507609560"

[[tools.uv]]
version = "0.12.8"
backend = "aqua:astral-sh/uv"

[tools.uv."platforms.linux-arm64"]
checksum = "sha256:975917badc8370163989e5bbe5a7c69bf922d19f8e57cb2652531bbffc935f84"
url = "https://github.com/astral-sh/uv/releases/download/0.12.8/uv-aarch64-unknown-linux-musl.tar.gz"
url_api = "https://api.github.com/repos/astral-sh/uv/releases/assets/538591964"
provenance = "github-attestations"

[tools.uv."platforms.linux-x64"]
checksum = "sha256:6ca4597639c97e921fb915e113061ce8e4a14ead9e42a1ead521dbb0a6763795"
url = "https://github.com/astral-sh/uv/releases/download/0.12.8/uv-x86_64-unknown-linux-musl.tar.gz"
url_api = "https://api.github.com/repos/astral-sh/uv/releases/assets/538592032"
provenance = "github-attestations"

[tools.uv."platforms.macos-arm64"]
checksum = "sha256:8ce083658dbff20143607ca7af8e0c1d64b6fd7bf03a5cdcb62bf3d47d991b5f"
url = "https://github.com/astral-sh/uv/releases/download/0.12.8/uv-aarch64-apple-darwin.tar.gz"
url_api = "https://api.github.com/repos/astral-sh/uv/releases/assets/538591946"
provenance = "github-attestations"

[[tools.vale]]
version = "3.19.0"
backend = "aqua:vale-cli/vale"

[tools.vale."platforms.linux-arm64"]
checksum = "sha256:60172cd059e6fedccf84990e9fba6a417d8b552bea7abfd61783e8c85cc73c1c"
url = "https://github.com/vale-cli/vale/releases/download/v3.19.0/vale_3.19.0_Linux_arm64.tar.gz"
url_api = "https://api.github.com/repos/vale-cli/vale/releases/assets/531372828"

[tools.vale."platforms.linux-x64"]
checksum = "sha256:c8f9d6c8055442bc7e9c121b2498e6f0e3fb670f4665e6ee577f1897f7665cf6"
url = "https://github.com/vale-cli/vale/releases/download/v3.19.0/vale_3.19.0_Linux_64-bit.tar.gz"
url_api = "https://api.github.com/repos/vale-cli/vale/releases/assets/531372829"

[tools.vale."platforms.macos-arm64"]
checksum = "sha256:a0e5f30986bc06db6700dac7f550f42880c74fe202113dae68035ed2030e5b4d"
url = "https://github.com/vale-cli/vale/releases/download/v3.19.0/vale_3.19.0_macOS_arm64.tar.gz"
url_api = "https://api.github.com/repos/vale-cli/vale/releases/assets/531372830"

[[tools.zizmor]]
version = "1.30.0"
backend = "aqua:zizmorcore/zizmor"

[tools.zizmor."platforms.linux-arm64"]
checksum = "sha256:018a024d6b6d09733b07f6ef42838d984c23ec04bc9b2acd55f7d67826aeafe5"
url = "https://github.com/zizmorcore/zizmor/releases/download/v1.30.0/zizmor-aarch64-unknown-linux-gnu.tar.gz"
url_api = "https://api.github.com/repos/zizmorcore/zizmor/releases/assets/537081734"
provenance = "github-attestations"

[tools.zizmor."platforms.linux-x64"]
checksum = "sha256:ec8c95cd800845abb9bbc5f377ec7c57d2eb8e2386a00a201d3a74ee4092e5ed"
url = "https://github.com/zizmorcore/zizmor/releases/download/v1.30.0/zizmor-x86_64-unknown-linux-gnu.tar.gz"
url_api = "https://api.github.com/repos/zizmorcore/zizmor/releases/assets/537081732"
provenance = "github-attestations"

[tools.zizmor."platforms.macos-arm64"]
checksum = "sha256:c9c5d83730efb86f2cd71b487605c00a4d63903e4f9458485ed5eac3b1924ab1"
url = "https://github.com/zizmorcore/zizmor/releases/download/v1.30.0/zizmor-aarch64-apple-darwin.tar.gz"
url_api = "https://api.github.com/repos/zizmorcore/zizmor/releases/assets/537081737"
provenance = "github-attestations"
