# @generated - this file is auto-generated by `mise lock` https://mise.en.dev/dev-tools/mise-lock.html

[[tools.actionlint]]
version = "1.7.12"
backend = "aqua:rhysd/actionlint"

[tools.actionlint."platforms.linux-arm64"]
checksum = "sha256:325e971b6ba9bfa504672e29be93c24981eeb1c07576d730e9f7c8805afff0c6"
url = "https://github.com/rhysd/actionlint/releases/download/v1.7.12/actionlint_1.7.12_linux_arm64.tar.gz"
url_api = "https://api.github.com/repos/rhysd/actionlint/releases/assets/384924897"
provenance = "github-attestations"

[tools.actionlint."platforms.linux-x64"]
checksum = "sha256:8aca8db96f1b94770f1b0d72b6dddcb1ebb8123cb3712530b08cc387b349a3d8"
url = "https://github.com/rhysd/actionlint/releases/download/v1.7.12/actionlint_1.7.12_linux_amd64.tar.gz"
url_api = "https://api.github.com/repos/rhysd/actionlint/releases/assets/384924896"
provenance = "github-attestations"

[tools.actionlint."platforms.macos-arm64"]
checksum = "sha256:aba9ced2dee8d27fecca3dc7feb1a7f9a52caefa1eb46f3271ea66b6e0e6953f"
url = "https://github.com/rhysd/actionlint/releases/download/v1.7.12/actionlint_1.7.12_darwin_arm64.tar.gz"
url_api = "https://api.github.com/repos/rhysd/actionlint/releases/assets/384924893"
provenance = "github-attestations"

[[tools.amp]]
version = "0.0.1783547350-gd57707"
backend = "npm:@ampcode/cli"

[tools.amp.options]
allow_builds = '["@ampcode/cli"]'

[[tools."aqua:anomalyco/opencode"]]
version = "1.18.30"
backend = "aqua:anomalyco/opencode"

[tools."aqua:anomalyco/opencode"."platforms.linux-arm64"]
checksum = "sha256:4111a55c2a02c0fac314bd51e9a2330280e6d29d2b85b9554fff6d62612566ed"
url = "https://github.com/anomalyco/opencode/releases/download/v1.18.30/opencode-linux-arm64.tar.gz"
url_api = "https://api.github.com/repos/anomalyco/opencode/releases/assets/551875363"

[tools."aqua:anomalyco/opencode"."platforms.linux-x64"]
checksum = "sha256:55007246858165496ff85ba1c2b648f7421e8e2013bf4189a680c9ff8e699d17"
url = "https://github.com/anomalyco/opencode/releases/download/v1.18.30/opencode-linux-x64.tar.gz"
url_api = "https://api.github.com/repos/anomalyco/opencode/releases/assets/551875364"

[tools."aqua:anomalyco/opencode"."platforms.macos-arm64"]
checksum = "sha256:a5e43d6887386efc7d68ce49ae28e3bbdfdee3dfd1d7169b612c3ce67e53b1e8"
url = "https://github.com/anomalyco/opencode/releases/download/v1.18.30/opencode-darwin-arm64.zip"
url_api = "https://api.github.com/repos/anomalyco/opencode/releases/assets/551875293"

[[tools."aqua:google/osv-scanner"]]
version = "2.5.1"
backend = "aqua:google/osv-scanner"

[tools."aqua:google/osv-scanner"."platforms.linux-arm64"]
checksum = "sha256:3d0f5aa5a6baa8eb32bcef247388e149ef6030a6634ccae6fa0d62681fb27a6d"
url = "https://github.com/google/osv-scanner/releases/download/v2.5.1/osv-scanner_linux_arm64"
url_api = "https://api.github.com/repos/google/osv-scanner/releases/assets/517615386"

[tools."aqua:google/osv-scanner"."platforms.linux-arm64".provenance.slsa]
url = "https://github.com/google/osv-scanner/releases/download/v2.5.1/multiple.intoto.jsonl"

[tools."aqua:google/osv-scanner"."platforms.linux-x64"]
checksum = "sha256:f9f25499a2c8cc367b3af45df2ea7eeca7fbccceab9c35079968f4b3652194be"
url = "https://github.com/google/osv-scanner/releases/download/v2.5.1/osv-scanner_linux_amd64"
url_api = "https://api.github.com/repos/google/osv-scanner/releases/assets/517615411"

[tools."aqua:google/osv-scanner"."platforms.linux-x64".provenance.slsa]
url = "https://github.com/google/osv-scanner/releases/download/v2.5.1/multiple.intoto.jsonl"

[tools."aqua:google/osv-scanner"."platforms.macos-arm64"]
checksum = "sha256:75c44d6332f892a1e56286f4105a98ed751ae28d215ca0a8b65cc00d84103054"
url = "https://github.com/google/osv-scanner/releases/download/v2.5.1/osv-scanner_darwin_arm64"
url_api = "https://api.github.com/repos/google/osv-scanner/releases/assets/517615384"

[tools."aqua:google/osv-scanner"."platforms.macos-arm64".provenance.slsa]
url = "https://github.com/google/osv-scanner/releases/download/v2.5.1/multiple.intoto.jsonl"

[[tools."aqua:lindell/multi-gitter"]]
version = "0.63.1"
backend = "aqua:lindell/multi-gitter"

[tools."aqua:lindell/multi-gitter"."platforms.linux-arm64"]
checksum = "sha256:f4afde8bf0ab46a433901615e579f3c139ee0347162d615399d4e805e622c1ea"
url = "https://github.com/lindell/multi-gitter/releases/download/v0.63.1/multi-gitter_0.63.1_Linux_ARM64.tar.gz"
url_api = "https://api.github.com/repos/lindell/multi-gitter/releases/assets/416833835"

[tools."aqua:lindell/multi-gitter"."platforms.linux-x64"]
checksum = "sha256:94711a96c75975be9cfd9f3bd1d94a371b85716ac40be35f50b7b4cd271caf8d"
url = "https://github.com/lindell/multi-gitter/releases/download/v0.63.1/multi-gitter_0.63.1_Linux_x86_64.tar.gz"
url_api = "https://api.github.com/repos/lindell/multi-gitter/releases/assets/416833834"

[tools."aqua:lindell/multi-gitter"."platforms.macos-arm64"]
checksum = "sha256:df3ea56fe2fb5684a4634e00de3c69082a64b09fd68a7cf1c4169ebab92de49b"
url = "https://github.com/lindell/multi-gitter/releases/download/v0.63.1/multi-gitter_0.63.1_Darwin_ARM64.tar.gz"
url_api = "https://api.github.com/repos/lindell/multi-gitter/releases/assets/416833832"

[[tools."aqua:shenwei356/rush"]]
version = "0.10.0"
backend = "aqua:shenwei356/rush"

[tools."aqua:shenwei356/rush"."platforms.linux-arm64"]
checksum = "sha256:7bdb02a1a0c3ff8a61204cdb09d7ba57a9f4585d8c78bccec00f41e303156f98"
url = "https://github.com/shenwei356/rush/releases/download/v0.10.0/rush_linux_arm64.tar.gz"
url_api = "https://api.github.com/repos/shenwei356/rush/releases/assets/559524066"

[tools."aqua:shenwei356/rush"."platforms.linux-x64"]
checksum = "sha256:495c7c914345417cd6dec0aadcbebb28f895ecf714bb6e5465f7283e90c62969"
url = "https://github.com/shenwei356/rush/releases/download/v0.10.0/rush_linux_amd64.tar.gz"
url_api = "https://api.github.com/repos/shenwei356/rush/releases/assets/559523927"

[tools."aqua:shenwei356/rush"."platforms.macos-arm64"]
checksum = "sha256:e4c83546830977ccd4ea55ed1412c3e10bca518628113d9bce94fdcef7fd59f3"
url = "https://github.com/shenwei356/rush/releases/download/v0.10.0/rush_darwin_arm64.tar.gz"
url_api = "https://api.github.com/repos/shenwei356/rush/releases/assets/559523078"

[[tools.ast-grep]]
version = "0.45.3"
backend = "aqua:ast-grep/ast-grep"

[tools.ast-grep."platforms.linux-arm64"]
checksum = "sha256:b39cfbc58da4b869a88b8a4bc57bd5deb0d24541e704cf7c257da7b53ec81c8f"
url = "https://github.com/ast-grep/ast-grep/releases/download/0.45.3/app-aarch64-unknown-linux-gnu.zip"
url_api = "https://api.github.com/repos/ast-grep/ast-grep/releases/assets/537333400"

[tools.ast-grep."platforms.linux-x64"]
checksum = "sha256:f8ac830881339d1edee6b2652f54798c0f4da5a827f2db38a08ee31117783ce8"
url = "https://github.com/ast-grep/ast-grep/releases/download/0.45.3/app-x86_64-unknown-linux-gnu.zip"
url_api = "https://api.github.com/repos/ast-grep/ast-grep/releases/assets/537332692"

[tools.ast-grep."platforms.macos-arm64"]
checksum = "sha256:6d2279dea5bea2ad79c66ea93f5fe54ba926e398a8a26de76c56db68fe59eac6"
url = "https://github.com/ast-grep/ast-grep/releases/download/0.45.3/app-aarch64-apple-darwin.zip"
url_api = "https://api.github.com/repos/ast-grep/ast-grep/releases/assets/537332514"

[[tools.aube]]
version = "1.41.0"
backend = "aqua:jdx/aube"

[tools.aube."platforms.linux-arm64"]
checksum = "sha256:012b0da68e9e285aee1564178b2a668f4d79eac9b40868112674ff03c2cdfe22"
url = "https://github.com/jdx/aube/releases/download/v1.41.0/aube-v1.41.0-aarch64-unknown-linux-gnu.tar.gz"
url_api = "https://api.github.com/repos/jdx/aube/releases/assets/517186261"

[tools.aube."platforms.linux-x64"]
checksum = "sha256:965ae6a487c3e280206afb93649e721387dbbba168567f02e2fa5c797c450c2b"
url = "https://github.com/jdx/aube/releases/download/v1.41.0/aube-v1.41.0-x86_64-unknown-linux-gnu.tar.gz"
url_api = "https://api.github.com/repos/jdx/aube/releases/assets/517166989"

[tools.aube."platforms.macos-arm64"]
checksum = "sha256:635720a45125b3cc8afb2979c9a18ed484deecfc91938e9d941e278f529e87e1"
url = "https://github.com/jdx/aube/releases/download/v1.41.0/aube-v1.41.0-aarch64-apple-darwin.tar.gz"
url_api = "https://api.github.com/repos/jdx/aube/releases/assets/517208780"

[[tools.aws]]
version = "2.36.48"
backend = "aqua:aws/aws-cli"

[tools.aws."platforms.linux-arm64"]
url = "https://awscli.amazonaws.com/awscli-exe-linux-aarch64-2.36.48.zip"

[tools.aws."platforms.linux-x64"]
url = "https://awscli.amazonaws.com/awscli-exe-linux-x86_64-2.36.48.zip"

[tools.aws."platforms.macos-arm64"]
checksum = "blake3:0bdb0ac19198edd2d0979f39605ee99aaf55a301b90af77cc0430df7050fc346"
url = "https://awscli.amazonaws.com/AWSCLIV2-2.36.48.pkg"

[[tools.bats]]
version = "1.14.0"
backend = "aqua:bats-core/bats-core"

[tools.bats."platforms.linux-arm64"]
url = "https://github.com/bats-core/bats-core/archive/refs/tags/v1.14.0.tar.gz"
url_api = "https://api.github.com/repos/bats-core/bats-core/tarball/v1.14.0"

[tools.bats."platforms.linux-x64"]
url = "https://github.com/bats-core/bats-core/archive/refs/tags/v1.14.0.tar.gz"
url_api = "https://api.github.com/repos/bats-core/bats-core/tarball/v1.14.0"

[tools.bats."platforms.macos-arm64"]
checksum = "blake3:9b3dc5d296f3da85ce1062c7f9648c979cf2b982f0151f785eaa84d448dec779"
url = "https://github.com/bats-core/bats-core/archive/refs/tags/v1.14.0.tar.gz"
url_api = "https://api.github.com/repos/bats-core/bats-core/tarball/v1.14.0"

[[tools.bun]]
version = "1.4.2"
backend = "core:bun"

[tools.bun."platforms.linux-arm64"]
checksum = "sha256:54328bbc2d9c8e0c9f892c544d66c57a83b84139e34909e5ee81758f1ac8fda7"
url = "https://github.com/oven-sh/bun/releases/download/bun-v1.4.2/bun-linux-aarch64.zip"

[tools.bun."platforms.linux-arm64-musl"]
checksum = "sha256:71760b6c8ea30623b81a4907cb815d48e2ea266f2e73e751534a44a0607950df"
url = "https://github.com/oven-sh/bun/releases/download/bun-v1.4.2/bun-linux-aarch64-musl.zip"

[tools.bun."platforms.linux-x64"]
checksum = "sha256:36368faef7527875d5ffa52e53cd48021741f2a83eb6208a8dd64068d422a913"
url = "https://github.com/oven-sh/bun/releases/download/bun-v1.4.2/bun-linux-x64.zip"

[tools.bun."platforms.linux-x64-baseline"]
checksum = "sha256:c678040f14fe0440eb839d37cbd0ce4c051a32da72806ac97de6a6aab6bf728f"
url = "https://github.com/oven-sh/bun/releases/download/bun-v1.4.2/bun-linux-x64-baseline.zip"

[tools.bun."platforms.linux-x64-musl"]
checksum = "sha256:4835eca59d6da70f4674f5642f6e459dcadab773695b2ed9922d131057989742"
url = "https://github.com/oven-sh/bun/releases/download/bun-v1.4.2/bun-linux-x64-musl.zip"

[tools.bun."platforms.linux-x64-musl-baseline"]
checksum = "sha256:76e1db84e98f22f78de0a87e309bfbbf297732847f9720db36750646c85c8c18"
url = "https://github.com/oven-sh/bun/releases/download/bun-v1.4.2/bun-linux-x64-musl-baseline.zip"

[tools.bun."platforms.macos-arm64"]
checksum = "sha256:90987a3a16d7db556d886ac3d551e7b6d3edf0a1cf43acaed622e8676be1d12f"
url = "https://github.com/oven-sh/bun/releases/download/bun-v1.4.2/bun-darwin-aarch64.zip"

[[tools."cargo:build-wrap"]]
version = "0.7.0"
backend = "cargo:build-wrap"

[[tools.claude]]
version = "2.1.275"
backend = "aqua:anthropics/claude-code"

[tools.claude."platforms.linux-arm64"]
checksum = "sha256:29ef4c18f7d1760ca1fedd2b5a08f43837e2e5b4bdb33f49c585657edff3c796"
url = "https://github.com/anthropics/claude-code/releases/download/v2.1.275/claude-linux-arm64.tar.gz"
url_api = "https://api.github.com/repos/anthropics/claude-code/releases/assets/571255289"

[tools.claude."platforms.linux-x64"]
checksum = "sha256:ccb56c202f5b46e4f132245679c7f588a19e74bfe52f639a121fe0e086dfd3e6"
url = "https://github.com/anthropics/claude-code/releases/download/v2.1.275/claude-linux-x64.tar.gz"
url_api = "https://api.github.com/repos/anthropics/claude-code/releases/assets/571255468"

[tools.claude."platforms.macos-arm64"]
checksum = "sha256:07b1c8ce799542d3e70d36741e3f55783db2862a9be2f5e286e70476a217e44f"
url = "https://github.com/anthropics/claude-code/releases/download/v2.1.275/claude-darwin-arm64.tar.gz"
url_api = "https://api.github.com/repos/anthropics/claude-code/releases/assets/571255291"

[[tools.codex]]
version = "0.154.0"
backend = "aqua:openai/codex"

[tools.codex."platforms.linux-arm64"]
checksum = "sha256:97d93e11df72d3c26772db019e6ea8bb72c246500d46b98c760839f3240355e6"
url = "https://github.com/openai/codex/releases/download/rust-v0.154.0/codex-package-aarch64-unknown-linux-musl.tar.gz"
url_api = "https://api.github.com/repos/openai/codex/releases/assets/553706520"

[tools.codex."platforms.linux-x64"]
checksum = "sha256:fc6e3e3b85f2cf7d664520ee5c66a7fe4aa12bae7d46834f47e2f165fd0d6f78"
url = "https://github.com/openai/codex/releases/download/rust-v0.154.0/codex-package-x86_64-unknown-linux-musl.tar.gz"
url_api = "https://api.github.com/repos/openai/codex/releases/assets/553706441"

[tools.codex."platforms.macos-arm64"]
checksum = "sha256:427ca74c027049e0cd1a330d611e7f8d1fe0f1eb6a6d85ac16f61bcf2cb4a485"
url = "https://github.com/openai/codex/releases/download/rust-v0.154.0/codex-package-aarch64-apple-darwin.tar.gz"
url_api = "https://api.github.com/repos/openai/codex/releases/assets/553706558"

[[tools.deno]]
version = "2.9.6"
backend = "core:deno"

[tools.deno."platforms.linux-arm64"]
checksum = "sha256:9a46afc6c392c7cd2ff71a31558935545b46408d0e87f7a86908c712721c046e"
url = "https://dl.deno.land/release/v2.9.6/deno-aarch64-unknown-linux-gnu.zip"

[tools.deno."platforms.linux-x64"]
checksum = "sha256:394f07f4da2bebe6ce6f1e7ce0fa16429b29b08c35e3fac3fe25972676dff4b2"
url = "https://dl.deno.land/release/v2.9.6/deno-x86_64-unknown-linux-gnu.zip"

[tools.deno."platforms.macos-arm64"]
checksum = "sha256:213a2f304f04d3c9cb5220669afad138f60a5aab1fe80962abdeb8f35807a472"
url = "https://dl.deno.land/release/v2.9.6/deno-aarch64-apple-darwin.zip"

[[tools.fnox]]
version = "1.35.2"
backend = "github:jdx/fnox"

[tools.fnox."platforms.linux-arm64"]
checksum = "sha256:d404b219b6a3c3c4f3531d88cb7d3b96d00891b826d8fcfc2941b8a060028015"
url = "https://github.com/jdx/fnox/releases/download/v1.35.2/fnox-aarch64-unknown-linux-gnu.tar.gz"
url_api = "https://api.github.com/repos/jdx/fnox/releases/assets/561018918"
provenance = "github-attestations"

[tools.fnox."platforms.linux-x64"]
checksum = "sha256:5f95929bb8b73cd849b238fbefe3dbf8706f57f876cc5ae23aa9aa9da62a40a9"
url = "https://github.com/jdx/fnox/releases/download/v1.35.2/fnox-x86_64-unknown-linux-gnu.tar.gz"
url_api = "https://api.github.com/repos/jdx/fnox/releases/assets/561018959"
provenance = "github-attestations"

[tools.fnox."platforms.macos-arm64"]
checksum = "sha256:3f6e9b4f7a59a5712abe48cf6c97b2a0600392b5cb54059a80b53497adeab354"
url = "https://github.com/jdx/fnox/releases/download/v1.35.2/fnox-aarch64-apple-darwin.tar.gz"
url_api = "https://api.github.com/repos/jdx/fnox/releases/assets/561018919"
provenance = "github-attestations"
provenance_verified = true

[[tools.gcloud]]
version = "584.0.0"
backend = "vfox:mise-plugins/vfox-gcloud"

[tools.gcloud."platforms.linux-arm64"]
url = "https://storage.googleapis.com/cloud-sdk-release/google-cloud-sdk-584.0.0-linux-arm.tar.gz"

[tools.gcloud."platforms.linux-x64"]
url = "https://storage.googleapis.com/cloud-sdk-release/google-cloud-sdk-584.0.0-linux-x86_64.tar.gz"

[tools.gcloud."platforms.macos-arm64"]
url = "https://storage.googleapis.com/cloud-sdk-release/google-cloud-sdk-584.0.0-darwin-arm.tar.gz"

[[tools."github:CosineAI/argusred-dist"]]
version = "0.1.7"
backend = "github:CosineAI/argusred-dist"

[tools."github:CosineAI/argusred-dist"."platforms.linux-arm64"]
checksum = "sha256:6f34cdd1c2f1873c80790829b6938c799f3ba01a470be04e8e42145b4be98bd3"
url = "https://github.com/CosineAI/argusred-dist/releases/download/v0.1.7/argusred-linux-arm64.tar.gz"
url_api = "https://api.github.com/repos/CosineAI/argusred-dist/releases/assets/452991385"

[tools."github:CosineAI/argusred-dist"."platforms.linux-x64"]
checksum = "sha256:cc30ecc61f2f9d9cab0b68d39338ae581ebb3efbfef4cf262f96b5caeba228e4"
url = "https://github.com/CosineAI/argusred-dist/releases/download/v0.1.7/argusred-linux-amd64.tar.gz"
url_api = "https://api.github.com/repos/CosineAI/argusred-dist/releases/assets/452990685"

[tools."github:CosineAI/argusred-dist"."platforms.macos-arm64"]
checksum = "sha256:90e57237ba3501a49fd019433d5aea5965f53efed98157624516296eaf7a7cc2"
url = "https://github.com/CosineAI/argusred-dist/releases/download/v0.1.7/argusred-darwin-arm64.tar.gz"
url_api = "https://api.github.com/repos/CosineAI/argusred-dist/releases/assets/452990911"

[[tools."github:CosineAI/cli"]]
version = "2.0.28"
backend = "github:CosineAI/cli"

[tools."github:CosineAI/cli"."platforms.linux-arm64"]
checksum = "sha256:d701fe63248ff59b489a5bc2bbdc02a4bb60c131a4846a00e583cbf11e17a2de"
url = "https://github.com/CosineAI/cli/releases/download/2.0.28/cos-linux-arm64.zip"
url_api = "https://api.github.com/repos/CosineAI/cli/releases/assets/542470181"

[tools."github:CosineAI/cli"."platforms.linux-x64"]
checksum = "sha256:e4180de2c089336f7c15bb5ef5ee86b43cdda8229d13670c0b1fb49ce928a609"
url = "https://github.com/CosineAI/cli/releases/download/2.0.28/cos-linux-amd64.zip"
url_api = "https://api.github.com/repos/CosineAI/cli/releases/assets/542470180"

[tools."github:CosineAI/cli"."platforms.macos-arm64"]
checksum = "sha256:50bf455a9fdc5546af982b2568c9f4566157a138021bf689c808857ff913298c"
url = "https://github.com/CosineAI/cli/releases/download/2.0.28/cos-darwin-arm64.zip"
url_api = "https://api.github.com/repos/CosineAI/cli/releases/assets/542470177"

[[tools."github:ahkohd/oyo"]]
version = "0.1.57"
backend = "github:ahkohd/oyo"

[tools."github:ahkohd/oyo"."platforms.linux-arm64"]
checksum = "sha256:7e2cf5cb09f652e7008d0546bcf0453e005387e6087d138ea722e3ce77e9a3d2"
url = "https://github.com/ahkohd/oyo/releases/download/v0.1.57/oy-aarch64-unknown-linux-gnu.tar.gz"
url_api = "https://api.github.com/repos/ahkohd/oyo/releases/assets/511776440"

[tools."github:ahkohd/oyo"."platforms.linux-x64"]
checksum = "sha256:76f9095dd18aff8a540bfdda7737468a2900b26c7d976bbaa071341db02aa8b3"
url = "https://github.com/ahkohd/oyo/releases/download/v0.1.57/oy-x86_64-unknown-linux-gnu.tar.gz"
url_api = "https://api.github.com/repos/ahkohd/oyo/releases/assets/511776437"

[tools."github:ahkohd/oyo"."platforms.macos-arm64"]
checksum = "sha256:28abd8543de0eec11457d6dcc27f2c545e022ee6430bfe7e8d5b14b3d0fa6e6f"
url = "https://github.com/ahkohd/oyo/releases/download/v0.1.57/oy-aarch64-apple-darwin.tar.gz"
url_api = "https://api.github.com/repos/ahkohd/oyo/releases/assets/511776438"

[[tools."github:can1357/oh-my-pi"]]
version = "18.1.20"
backend = "github:can1357/oh-my-pi"

[tools."github:can1357/oh-my-pi"."platforms.linux-arm64"]
checksum = "sha256:87a776561e73076d87c56b41db03db7b2103ee1e2b7502b687f65d092e41ecae"
url = "https://github.com/can1357/oh-my-pi/releases/download/v18.1.20/omp-linux-arm64"
url_api = "https://api.github.com/repos/can1357/oh-my-pi/releases/assets/561868424"

[tools."github:can1357/oh-my-pi"."platforms.linux-x64"]
checksum = "sha256:f4eb8e037c4104e97da3bc2023ecae24acd4f5264736a91fbee577171fe9edaf"
url = "https://github.com/can1357/oh-my-pi/releases/download/v18.1.20/omp-linux-x64"
url_api = "https://api.github.com/repos/can1357/oh-my-pi/releases/assets/561868431"

[tools."github:can1357/oh-my-pi"."platforms.macos-arm64"]
checksum = "sha256:f96e404908d16f548bafb852be67c5ea94d6a044b5ca3e1177d764280c18e01d"
url = "https://github.com/can1357/oh-my-pi/releases/download/v18.1.20/omp-darwin-arm64"
url_api = "https://api.github.com/repos/can1357/oh-my-pi/releases/assets/561868427"

[[tools."github:herdrdev/herdr"]]
version = "0.9.0"
backend = "github:herdrdev/herdr"

[tools."github:herdrdev/herdr"."platforms.linux-arm64"]
checksum = "sha256:9c8db20fb7e7427b138d5367113f1621ffd319f2f65d6f009e2594029115f0d2"
url = "https://github.com/herdrdev/herdr/releases/download/v0.9.0/herdr-linux-aarch64"
url_api = "https://api.github.com/repos/herdrdev/herdr/releases/assets/549270160"
provenance = "github-attestations"

[tools."github:herdrdev/herdr"."platforms.linux-x64"]
checksum = "sha256:4fa1a01158dd8043da92d31b270780b0dcc10603038d9b61cac4d81ab63fb71f"
url = "https://github.com/herdrdev/herdr/releases/download/v0.9.0/herdr-linux-x86_64"
url_api = "https://api.github.com/repos/herdrdev/herdr/releases/assets/549270163"
provenance = "github-attestations"

[tools."github:herdrdev/herdr"."platforms.macos-arm64"]
checksum = "sha256:32b53df09872628059c789a69f02a6b8e29e14ddf26711421f3463f70c1aef17"
url = "https://github.com/herdrdev/herdr/releases/download/v0.9.0/herdr-macos-aarch64"
url_api = "https://api.github.com/repos/herdrdev/herdr/releases/assets/549270162"
provenance = "github-attestations"
provenance_verified = true

[[tools."github:redhat-et/ripwire"]]
version = "0.6.0"
backend = "github:redhat-et/ripwire"

[tools."github:redhat-et/ripwire"."platforms.linux-arm64"]
checksum = "sha256:35f83b899f6cf729f18a897029fb3c9d38031efc27ad70c19f5ef8d775b760d4"
url = "https://github.com/redhat-et/ripwire/releases/download/v0.6.0/ripwire-0.6.0-linux-arm64.tar.gz"
url_api = "https://api.github.com/repos/redhat-et/ripwire/releases/assets/557815682"

[tools."github:redhat-et/ripwire"."platforms.linux-x64"]
checksum = "sha256:4f4157b2f1d2712dcb12cf0b7c71aa53a868dfde6f1add21da27bfbed79fe003"
url = "https://github.com/redhat-et/ripwire/releases/download/v0.6.0/ripwire-0.6.0-linux-x64.tar.gz"
url_api = "https://api.github.com/repos/redhat-et/ripwire/releases/assets/557815690"

[tools."github:redhat-et/ripwire"."platforms.macos-arm64"]
checksum = "sha256:223e39281f7df9892a41ba8a54f1aea0db7717363a698a7572e7a8cce3abf7a8"
url = "https://github.com/redhat-et/ripwire/releases/download/v0.6.0/ripwire-0.6.0-macos-arm64.tar.gz"
url_api = "https://api.github.com/repos/redhat-et/ripwire/releases/assets/557815687"

[[tools."github:tamnd/kage"]]
version = "0.3.12"
backend = "github:tamnd/kage"

[tools."github:tamnd/kage"."platforms.linux-arm64"]
checksum = "sha256:fce501df4822b27a20802c7ed0b04de3518502e94fed22c34a522fb090048f1c"
url = "https://github.com/tamnd/kage/releases/download/v0.3.12/kage_0.3.12_linux_arm64.tar.gz"
url_api = "https://api.github.com/repos/tamnd/kage/releases/assets/508439973"

[tools."github:tamnd/kage"."platforms.linux-x64"]
checksum = "sha256:96560dc38f5af3dcb1744466abb0d60aaa55f1e98fd91008bbcfad21414d5b7b"
url = "https://github.com/tamnd/kage/releases/download/v0.3.12/kage_0.3.12_linux_amd64.tar.gz"
url_api = "https://api.github.com/repos/tamnd/kage/releases/assets/508439967"

[tools."github:tamnd/kage"."platforms.macos-arm64"]
checksum = "sha256:df02cfebb29328acc194001ae23b331828b13039b09e417a1aa50e6897416364"
url = "https://github.com/tamnd/kage/releases/download/v0.3.12/kage_0.3.12_darwin_arm64.tar.gz"
url_api = "https://api.github.com/repos/tamnd/kage/releases/assets/508439957"

[[tools."github:vercel-labs/fx"]]
version = "0.0.3"
backend = "github:vercel-labs/fx"

[tools."github:vercel-labs/fx"."platforms.linux-arm64"]
checksum = "sha256:867eb2d669693ae0b5e3453a571230ba3b67465626d566cbca83ae8432b1e03a"
url = "https://github.com/vercel-labs/fx/releases/download/v0.0.3/fx-linux-aarch64.tar.gz"
url_api = "https://api.github.com/repos/vercel-labs/fx/releases/assets/519961716"

[tools."github:vercel-labs/fx"."platforms.linux-x64"]
checksum = "sha256:23d32e60233b24581b9ce1965b65bab6a46d5693a24add7817854aef3adf5bfb"
url = "https://github.com/vercel-labs/fx/releases/download/v0.0.3/fx-linux-x86_64.tar.gz"
url_api = "https://api.github.com/repos/vercel-labs/fx/releases/assets/519961714"

[tools."github:vercel-labs/fx"."platforms.macos-arm64"]
checksum = "sha256:87c4939621b0c028e4506f18416b8722ded0dbace6358380011400c8ed127a8b"
url = "https://github.com/vercel-labs/fx/releases/download/v0.0.3/fx-macos-aarch64.tar.gz"
url_api = "https://api.github.com/repos/vercel-labs/fx/releases/assets/519961713"

[[tools.gitleaks]]
version = "8.30.1"
backend = "aqua:gitleaks/gitleaks"

[tools.gitleaks."platforms.linux-arm64"]
checksum = "sha256:e4a487ee7ccd7d3a7f7ec08657610aa3606637dab924210b3aee62570fb4b080"
url = "https://github.com/gitleaks/gitleaks/releases/download/v8.30.1/gitleaks_8.30.1_linux_arm64.tar.gz"
url_api = "https://api.github.com/repos/gitleaks/gitleaks/releases/assets/378332057"

[tools.gitleaks."platforms.linux-x64"]
checksum = "sha256:551f6fc83ea457d62a0d98237cbad105af8d557003051f41f3e7ca7b3f2470eb"
url = "https://github.com/gitleaks/gitleaks/releases/download/v8.30.1/gitleaks_8.30.1_linux_x64.tar.gz"
url_api = "https://api.github.com/repos/gitleaks/gitleaks/releases/assets/378332058"

[tools.gitleaks."platforms.macos-arm64"]
checksum = "sha256:b40ab0ae55c505963e365f271a8d3846efbc170aa17f2607f13df610a9aeb6a5"
url = "https://github.com/gitleaks/gitleaks/releases/download/v8.30.1/gitleaks_8.30.1_darwin_arm64.tar.gz"
url_api = "https://api.github.com/repos/gitleaks/gitleaks/releases/assets/378332059"

[[tools.hcloud]]
version = "1.67.0"
backend = "aqua:hetznercloud/cli"

[tools.hcloud."platforms.linux-arm64"]
checksum = "sha256:343a0c86cbdae5d370f1a199ecdfc67c2026d153114ef0992529b692cb9937e8"
url = "https://github.com/hetznercloud/cli/releases/download/v1.67.0/hcloud-linux-arm64.tar.gz"
url_api = "https://api.github.com/repos/hetznercloud/cli/releases/assets/488375576"

[tools.hcloud."platforms.linux-x64"]
checksum = "sha256:7164483e05a1abef492768db429a28c21d579dc70e807558cb140debc2971477"
url = "https://github.com/hetznercloud/cli/releases/download/v1.67.0/hcloud-linux-amd64.tar.gz"
url_api = "https://api.github.com/repos/hetznercloud/cli/releases/assets/488375554"

[tools.hcloud."platforms.macos-arm64"]
checksum = "sha256:086295a836f4ee3ff062d6435c4b93108833b35278249414c461857aa42ac21a"
url = "https://github.com/hetznercloud/cli/releases/download/v1.67.0/hcloud-darwin-arm64.tar.gz"
url_api = "https://api.github.com/repos/hetznercloud/cli/releases/assets/488375578"

[[tools.hk]]
version = "2.0.0"
backend = "aqua:jdx/hk"

[tools.hk."platforms.linux-arm64"]
checksum = "sha256:1034ac9e07d7ffc18b58c72c6fe1013bd1e6ab1d8fa421bc4f4ac68ee08cb011"
url = "https://github.com/jdx/hk/releases/download/v2.0.0/hk-aarch64-unknown-linux-gnu.tar.gz"
url_api = "https://api.github.com/repos/jdx/hk/releases/assets/560743974"

[tools.hk."platforms.linux-x64"]
checksum = "sha256:d2cdde7a68dba648b2d25605ceab364074a057fb93618b46ce7ac3e298bfba2c"
url = "https://github.com/jdx/hk/releases/download/v2.0.0/hk-x86_64-unknown-linux-gnu.tar.gz"
url_api = "https://api.github.com/repos/jdx/hk/releases/assets/560743996"

[tools.hk."platforms.macos-arm64"]
checksum = "sha256:9ee3f4350b321677e5ce291882c6441b153773b32705734d2208f93ac71ce12f"
url = "https://github.com/jdx/hk/releases/download/v2.0.0/hk-aarch64-apple-darwin.tar.gz"
url_api = "https://api.github.com/repos/jdx/hk/releases/assets/560743972"

[[tools."http:opencode2"]]
version = "0.0.0-beta-18684"
backend = "http:opencode2"

[tools."http:opencode2".options]
strip_components = "1"

[tools."http:opencode2"."platforms.linux-arm64"]
checksum = "sha512:4ccb3e68bacb8f732c439e34ec8a7d5fb07d3bd0c29f0c2530f1aef54eba38b3a58fca67dc51aff46068e3ebd0663c52f0e61b5d314bf25f526199e094c0f7ba"
url = "https://registry.npmjs.org/@opencode-ai/cli-linux-arm64/-/cli-linux-arm64-0.0.0-beta-18684.tgz"

[tools."http:opencode2"."platforms.linux-x64"]
checksum = "sha512:43fba747b40805e8927186b58899628575429733e6bbba235022b51a85da17f1d4f4a94d8615f4d857938f7111a01526d00268c39caac68762b04f8ac5b419db"
url = "https://registry.npmjs.org/@opencode-ai/cli-linux-x64/-/cli-linux-x64-0.0.0-beta-18684.tgz"

[tools."http:opencode2"."platforms.macos-arm64"]
checksum = "sha512:1b775858f797205e88cc34400cf6436c5257ced1b32a0b90f77e84f0757ddde4d648128b22a369002f92870e1e1645742d51d71946a379da15f68b26e444b127"
url = "https://registry.npmjs.org/@opencode-ai/cli-darwin-arm64/-/cli-darwin-arm64-0.0.0-beta-18684.tgz"

[[tools.lychee]]
version = "0.24.2"
backend = "aqua:lycheeverse/lychee"

[tools.lychee."platforms.linux-arm64"]
checksum = "sha256:5d0b0e3aeab240f41920c633a6eaf97599be6eedda034b36e858ede7dba5e535"
url = "https://github.com/lycheeverse/lychee/releases/download/lychee-v0.24.2/lychee-aarch64-unknown-linux-musl.tar.gz"
url_api = "https://api.github.com/repos/lycheeverse/lychee/releases/assets/409958602"

[tools.lychee."platforms.linux-x64"]
checksum = "sha256:73657a111819a30c47c08352896796f23d64e4eb2b3ed39b6d32149241566fc5"
url = "https://github.com/lycheeverse/lychee/releases/download/lychee-v0.24.2/lychee-x86_64-unknown-linux-musl.tar.gz"
url_api = "https://api.github.com/repos/lycheeverse/lychee/releases/assets/409959271"

[tools.lychee."platforms.macos-arm64"]
checksum = "sha256:c9d3740ea2d891854d37116c9fba840f37b6e7c89d330e7db84ac333631c4977"
url = "https://github.com/lycheeverse/lychee/releases/download/lychee-v0.24.2/lychee-aarch64-apple-darwin.tar.gz"
url_api = "https://api.github.com/repos/lycheeverse/lychee/releases/assets/409957951"

[[tools.node]]
version = "24.21.0"
backend = "core:node"

[tools.node.options]
compile = "false"

[tools.node."platforms.linux-arm64"]
checksum = "sha256:724282c3b43aec998aa9527380465b45d229e021b58035f5f4f63095eabfe5d5"
url = "https://nodejs.org/dist/v24.21.0/node-v24.21.0-linux-arm64.tar.gz"

[tools.node."platforms.linux-x64"]
checksum = "sha256:6e1db87ef58b8819e5d5402eff1536491b18edd8eb7bee5ef7897876e88dc5ff"
url = "https://nodejs.org/dist/v24.21.0/node-v24.21.0-linux-x64.tar.gz"

[tools.node."platforms.macos-arm64"]
checksum = "sha256:bed7eea5325e1108f32ce5228ddd6a5f0f08a499ee42aa7442aea583702f6057"
url = "https://nodejs.org/dist/v24.21.0/node-v24.21.0-darwin-arm64.tar.gz"

[[tools."npm:@anthropic-ai/sandbox-runtime"]]
version = "0.0.62"
backend = "npm:@anthropic-ai/sandbox-runtime"

[[tools."npm:@earendil-works/pi-coding-agent"]]
version = "0.85.1"
backend = "npm:@earendil-works/pi-coding-agent"

[[tools."npm:@elevenlabs/cli"]]
version = "1.2.0"
backend = "npm:@elevenlabs/cli"

[[tools."npm:@eraserlabs/diagrams-cli"]]
version = "0.1.0"
backend = "npm:@eraserlabs/diagrams-cli"

[[tools."npm:@kitlangton/ghui"]]
version = "0.9.1"
backend = "npm:@kitlangton/ghui"

[[tools."npm:@playwright/cli"]]
version = "0.1.18"
backend = "npm:@playwright/cli"

[[tools."npm:@tobilu/qmd"]]
version = "2.8.3"
backend = "npm:@tobilu/qmd"

[tools."npm:@tobilu/qmd".options]
allow_builds = '["better-sqlite3", "node-llama-cpp", "sqlite-vec", "tree-sitter-go", "tree-sitter-javascript", "tree-sitter-python", "tree-sitter-rust", "tree-sitter-typescript"]'

[[tools."npm:agent-browser"]]
version = "0.37.1"
backend = "npm:agent-browser"

[[tools."npm:agent-device"]]
version = "0.21.1"
backend = "npm:agent-device"

[[tools."npm:apify-cli"]]
version = "1.10.0"
backend = "npm:apify-cli"

[[tools."npm:cf"]]
version = "0.10.0"
backend = "npm:cf"

[[tools."npm:critique"]]
version = "0.1.140"
backend = "npm:critique"

[[tools."npm:ctx7"]]
version = "0.5.11"
backend = "npm:ctx7"

[[tools."npm:deepsec"]]
version = "2.3.9"
backend = "npm:deepsec"

[[tools."npm:eas-cli"]]
version = "24.3.0"
backend = "npm:eas-cli"

[[tools."npm:executor"]]
version = "1.6.8"
backend = "npm:executor"

[[tools."npm:firecrawl-cli"]]
version = "1.23.3"
backend = "npm:firecrawl-cli"

[[tools."npm:hunkdiff"]]
version = "0.22.0"
backend = "npm:hunkdiff"

[[tools."npm:lavish-axi"]]
version = "0.1.67"
backend = "npm:lavish-axi"

[[tools."npm:obsidian-headless"]]
version = "0.0.14"
backend = "npm:obsidian-headless"

[[tools."npm:oxlint-tsgolint"]]
version = "7.0.2001"
backend = "npm:oxlint-tsgolint"

[[tools."npm:playwright"]]
version = "1.63.0"
backend = "npm:playwright"

[[tools."npm:portless"]]
version = "0.15.6"
backend = "npm:portless"

[[tools."npm:remobi"]]
version = "1.2.1"
backend = "npm:remobi"

[[tools."npm:serve-sim"]]
version = "0.1.46"
backend = "npm:serve-sim"

[[tools."npm:sharp-cli"]]
version = "6.1.0"
backend = "npm:sharp-cli"

[[tools."npm:skills"]]
version = "1.5.26"
backend = "npm:skills"

[[tools."npm:svgo"]]
version = "4.1.0"
backend = "npm:svgo"

[[tools."npm:typescript"]]
version = "7.0.2"
backend = "npm:typescript"

[[tools."npm:vercel"]]
version = "59.16.0"
backend = "npm:vercel"

[[tools."npm:vgpu"]]
version = "0.4.1"
backend = "npm:vgpu"

[[tools."npm:wrangler"]]
version = "4.131.1"
backend = "npm:wrangler"

[[tools.oxlint]]
version = "1.82.0"
backend = "npm:oxlint"

[[tools.pandoc]]
version = "3.11"
backend = "github:jgm/pandoc"

[tools.pandoc."platforms.linux-arm64"]
checksum = "sha256:56ed5566ec41d22ec9ee0704e6ac0b98ba102e92384efd5306173a22d314c79a"
url = "https://github.com/jgm/pandoc/releases/download/3.11/pandoc-3.11-linux-arm64.tar.gz"
url_api = "https://api.github.com/repos/jgm/pandoc/releases/assets/534533345"
provenance = "github-attestations"

[tools.pandoc."platforms.linux-x64"]
checksum = "sha256:37edb3bbcf722f921a009941bf5874e2e0c09263226c9b4a2d980788cb062ab6"
url = "https://github.com/jgm/pandoc/releases/download/3.11/pandoc-3.11-linux-amd64.tar.gz"
url_api = "https://api.github.com/repos/jgm/pandoc/releases/assets/534533278"
provenance = "github-attestations"

[tools.pandoc."platforms.macos-arm64"]
checksum = "sha256:15806bedf9517bfead72e88fe6a6696635c3691efbb6e152173440e9c5bb50b4"
url = "https://github.com/jgm/pandoc/releases/download/3.11/pandoc-3.11-arm64-macOS.zip"
url_api = "https://api.github.com/repos/jgm/pandoc/releases/assets/534533197"
provenance = "github-attestations"
provenance_verified = true

[[tools."pipx:batrachian-toad"]]
version = "0.6.20"
backend = "pipx:batrachian-toad"

[[tools."pipx:docling"]]
version = "2.126.0"
backend = "pipx:docling"

[[tools."pipx:markitdown"]]
version = "0.1.7"
backend = "pipx:markitdown"

[tools."pipx:markitdown".options]
extras = "pdf,docx,pptx,xlsx,xls,outlook,audio-transcription,youtube-transcription"

[[tools."pipx:pyrefly"]]
version = "1.3.0"
backend = "pipx:pyrefly"

[[tools."pipx:rembg"]]
version = "2.0.69"
backend = "pipx:rembg"

[tools."pipx:rembg".options]
extras = "cli,cpu"
uvx_args = "--with numpy<2.3"

[[tools."pipx:tau-ai"]]
version = "0.4.4"
backend = "pipx:tau-ai"

[[tools."pipx:ty"]]
version = "0.0.80"
backend = "pipx:ty"

[[tools.pkl]]
version = "0.32.1"
backend = "aqua:apple/pkl"

[tools.pkl."platforms.linux-arm64"]
checksum = "sha256:a76d2dd47da435a8f911b0347373f47c7e59ea54fb75ff846d20b8df10dba058"
url = "https://github.com/apple/pkl/releases/download/0.32.1/pkl-linux-aarch64"
url_api = "https://api.github.com/repos/apple/pkl/releases/assets/487426568"

[tools.pkl."platforms.linux-x64"]
checksum = "sha256:3180b62da95c0cad1d904e9bb6c5f4a8f9032413c21e53194bb91ff1ee5f3211"
url = "https://github.com/apple/pkl/releases/download/0.32.1/pkl-linux-amd64"
url_api = "https://api.github.com/repos/apple/pkl/releases/assets/487426567"

[tools.pkl."platforms.macos-arm64"]
checksum = "sha256:563eb51c9a20b16a3625464ed745c675ed9750381f2126722696a0d7cac1d9d3"
url = "https://github.com/apple/pkl/releases/download/0.32.1/pkl-macos-aarch64"
url_api = "https://api.github.com/repos/apple/pkl/releases/assets/487426570"

[[tools.pnpm]]
version = "12.4.1"
backend = "aqua:pnpm/pnpm"

[tools.pnpm."platforms.linux-arm64"]
checksum = "sha256:14f7a3e67d658d4ca8002c2aa0567f27dc5fe056a9f29f98ba7d2bfd6c81591b"
url = "https://github.com/pnpm/pnpm/releases/download/v12.4.1/pnpm-linux-arm64.tar.gz"
url_api = "https://api.github.com/repos/pnpm/pnpm/releases/assets/555427209"
provenance = "github-attestations"

[tools.pnpm."platforms.linux-x64"]
checksum = "sha256:66e9886299085dade56e203ae0e3586f35787f8801a68d33ec07ac17b0de2001"
url = "https://github.com/pnpm/pnpm/releases/download/v12.4.1/pnpm-linux-x64.tar.gz"
url_api = "https://api.github.com/repos/pnpm/pnpm/releases/assets/555427214"
provenance = "github-attestations"

[tools.pnpm."platforms.macos-arm64"]
checksum = "sha256:432fd151c10477630cf5c9f41209c2a7b75ac6dce7b2533a459519daf8954c52"
url = "https://github.com/pnpm/pnpm/releases/download/v12.4.1/pnpm-darwin-arm64.tar.gz"
url_api = "https://api.github.com/repos/pnpm/pnpm/releases/assets/555427216"
provenance = "github-attestations"

[[tools.python]]
version = "3.14.7"
backend = "core:python"

[tools.python."platforms.linux-arm64"]
checksum = "sha256:4dba8d7e06199f841a9d6b54e4eb58d446a5c20c65085a916190dd0162c6e93b"
url = "https://github.com/astral-sh/python-build-standalone/releases/download/20260807/cpython-3.14.7+20260807-aarch64-unknown-linux-gnu-install_only_stripped.tar.gz"
provenance = "github-attestations"

[tools.python."platforms.linux-x64"]
checksum = "sha256:a2478d654ed51d443bae21ec20ad927f116b4f5aae4094ab74918a6aa38f0575"
url = "https://github.com/astral-sh/python-build-standalone/releases/download/20260807/cpython-3.14.7+20260807-x86_64-unknown-linux-gnu-install_only_stripped.tar.gz"
provenance = "github-attestations"

[tools.python."platforms.macos-arm64"]
checksum = "sha256:532645be202d3df8510ab318ca5faed92060a694c8327144e14fa81f31af0f6d"
url = "https://github.com/astral-sh/python-build-standalone/releases/download/20260807/cpython-3.14.7+20260807-aarch64-apple-darwin-install_only_stripped.tar.gz"
provenance = "github-attestations"

[[tools.ruff]]
version = "0.16.7"
backend = "aqua:astral-sh/ruff"

[tools.ruff."platforms.linux-arm64"]
checksum = "sha256:dd669efe4ac74ffd5842b26147c36cdd6c93b9cf0d10d5e53c12ec5b44f540bd"
url = "https://github.com/astral-sh/ruff/releases/download/0.16.7/ruff-aarch64-unknown-linux-musl.tar.gz"
url_api = "https://api.github.com/repos/astral-sh/ruff/releases/assets/555530691"
provenance = "github-attestations"

[tools.ruff."platforms.linux-x64"]
checksum = "sha256:8d28939cf5cabe54a2f8f7cbfab52c643436d1bc70474198181db9e48f504411"
url = "https://github.com/astral-sh/ruff/releases/download/0.16.7/ruff-x86_64-unknown-linux-musl.tar.gz"
url_api = "https://api.github.com/repos/astral-sh/ruff/releases/assets/555530803"
provenance = "github-attestations"

[tools.ruff."platforms.macos-arm64"]
checksum = "sha256:80221a5e0b1ae29262a74496f2ad1380c1ab52b3edd8cee13ec76d8acff406ca"
url = "https://github.com/astral-sh/ruff/releases/download/0.16.7/ruff-aarch64-apple-darwin.tar.gz"
url_api = "https://api.github.com/repos/astral-sh/ruff/releases/assets/555530669"
provenance = "github-attestations"

[[tools.rumdl]]
version = "0.2.73"
backend = "aqua:rvben/rumdl"

[tools.rumdl."platforms.linux-arm64"]
checksum = "sha256:f51548adfc71c4982cb5cc239d847bcd4c884e6ac8dc67efd68efd3eea9753a4"
url = "https://github.com/rvben/rumdl/releases/download/v0.2.73/rumdl-v0.2.73-aarch64-unknown-linux-musl.tar.gz"
url_api = "https://api.github.com/repos/rvben/rumdl/releases/assets/557839618"
provenance = "github-attestations"

[tools.rumdl."platforms.linux-x64"]
checksum = "sha256:dc4aa9bf98f936f667039224a34fc2e26ddf6be3589bf59d63e4d6b038be4f5c"
url = "https://github.com/rvben/rumdl/releases/download/v0.2.73/rumdl-v0.2.73-x86_64-unknown-linux-musl.tar.gz"
url_api = "https://api.github.com/repos/rvben/rumdl/releases/assets/557839615"
provenance = "github-attestations"

[tools.rumdl."platforms.macos-arm64"]
checksum = "sha256:54e0e7c3031b8bfa37e3c57104cc0c93988e02f5b7023c1804749fd180822f9e"
url = "https://github.com/rvben/rumdl/releases/download/v0.2.73/rumdl-v0.2.73-aarch64-apple-darwin.tar.gz"
url_api = "https://api.github.com/repos/rvben/rumdl/releases/assets/557839617"
provenance = "github-attestations"

[[tools.rust]]
version = "1.98.1"
backend = "core:rust"

[[tools.shellcheck]]
version = "0.11.0"
backend = "aqua:koalaman/shellcheck"

[tools.shellcheck."platforms.linux-arm64"]
checksum = "sha256:12b331c1d2db6b9eb13cfca64306b1b157a86eb69db83023e261eaa7e7c14588"
url = "https://github.com/koalaman/shellcheck/releases/download/v0.11.0/shellcheck-v0.11.0.linux.aarch64.tar.xz"
url_api = "https://api.github.com/repos/koalaman/shellcheck/releases/assets/279056934"

[tools.shellcheck."platforms.linux-x64"]
checksum = "sha256:8c3be12b05d5c177a04c29e3c78ce89ac86f1595681cab149b65b97c4e227198"
url = "https://github.com/koalaman/shellcheck/releases/download/v0.11.0/shellcheck-v0.11.0.linux.x86_64.tar.xz"
url_api = "https://api.github.com/repos/koalaman/shellcheck/releases/assets/279056942"

[tools.shellcheck."platforms.macos-arm64"]
checksum = "sha256:56affdd8de5527894dca6dc3d7e0a99a873b0f004d7aabc30ae407d3f48b0a79"
url = "https://github.com/koalaman/shellcheck/releases/download/v0.11.0/shellcheck-v0.11.0.darwin.aarch64.tar.xz"
url_api = "https://api.github.com/repos/koalaman/shellcheck/releases/assets/279056932"

[[tools.shfmt]]
version = "3.14.1"
backend = "aqua:mvdan/sh"

[tools.shfmt."platforms.linux-arm64"]
checksum = "sha256:5f2db09dae91fca848f7adbdd014632e921a383863a2ad7e0450ad3aba0c6489"
url = "https://github.com/mvdan/sh/releases/download/v3.14.1/shfmt_v3.14.1_linux_arm64"
url_api = "https://api.github.com/repos/mvdan/sh/releases/assets/547320869"

[tools.shfmt."platforms.linux-x64"]
checksum = "sha256:76e77641faa025814b77f153b29796b8e6fa2fca03e0c76a691608b86c7ea7bf"
url = "https://github.com/mvdan/sh/releases/download/v3.14.1/shfmt_v3.14.1_linux_amd64"
url_api = "https://api.github.com/repos/mvdan/sh/releases/assets/547320883"

[tools.shfmt."platforms.macos-arm64"]
checksum = "sha256:b7c872db63553ccffc7253aba3ed7d4885a27d83f1ba567b1138c6315a5847e5"
url = "https://github.com/mvdan/sh/releases/download/v3.14.1/shfmt_v3.14.1_darwin_arm64"
url_api = "https://api.github.com/repos/mvdan/sh/releases/assets/547320930"

[[tools.typos]]
version = "1.50.1"
backend = "aqua:crate-ci/typos"

[tools.typos."platforms.linux-arm64"]
checksum = "sha256:a48feb58c517977ca953e634507c72819d64df8717c33ced3e43868d174fd39e"
url = "https://github.com/crate-ci/typos/releases/download/v1.50.1/typos-v1.50.1-aarch64-unknown-linux-musl.tar.gz"
url_api = "https://api.github.com/repos/crate-ci/typos/releases/assets/539857357"

[tools.typos."platforms.linux-x64"]
checksum = "sha256:edf0545109aee6a22751d04ddecb97c45be47d3aa0409564fb895eeeace91b1e"
url = "https://github.com/crate-ci/typos/releases/download/v1.50.1/typos-v1.50.1-x86_64-unknown-linux-musl.tar.gz"
url_api = "https://api.github.com/repos/crate-ci/typos/releases/assets/539858793"

[tools.typos."platforms.macos-arm64"]
checksum = "sha256:2c940734b44b6e199e165278b662b7e17c68f068471a2a8a5e491ce635414ae6"
url = "https://github.com/crate-ci/typos/releases/download/v1.50.1/typos-v1.50.1-aarch64-apple-darwin.tar.gz"
url_api = "https://api.github.com/repos/crate-ci/typos/releases/assets/539861019"

[[tools.usage]]
version = "6.9.0"
backend = "aqua:jdx/usage"

[tools.usage."platforms.linux-arm64"]
checksum = "sha256:6de188b39e85cbdb487281812c2bb3b158d852bc4b12260f19b5a926b8b7bdf7"
url = "https://github.com/jdx/usage/releases/download/v6.9.0/usage-aarch64-unknown-linux-musl.tar.gz"
url_api = "https://api.github.com/repos/jdx/usage/releases/assets/559446298"

[tools.usage."platforms.linux-x64"]
checksum = "sha256:8693c8adebfac36211e9a7066d394ca0b08a10ae5794408e8791bf32c12eece0"
url = "https://github.com/jdx/usage/releases/download/v6.9.0/usage-x86_64-unknown-linux-musl.tar.gz"
url_api = "https://api.github.com/repos/jdx/usage/releases/assets/559445273"

[tools.usage."platforms.macos-arm64"]
checksum = "sha256:9e5315149d5a08d7d1b863b4e94729aa36240353f2847529d06ac21fac7c6c01"
url = "https://github.com/jdx/usage/releases/download/v6.9.0/usage-universal-apple-darwin.tar.gz"
url_api = "https://api.github.com/repos/jdx/usage/releases/assets/559448529"

[[tools.uv]]
version = "0.12.13"
backend = "aqua:astral-sh/uv"

[tools.uv."platforms.linux-arm64"]
checksum = "sha256:f44bc1037a17889fe562fffd2002d4ed108e499fbe68b4f022af244dc7b8244f"
url = "https://github.com/astral-sh/uv/releases/download/0.12.13/uv-aarch64-unknown-linux-musl.tar.gz"
url_api = "https://api.github.com/repos/astral-sh/uv/releases/assets/555670202"
provenance = "github-attestations"

[tools.uv."platforms.linux-x64"]
checksum = "sha256:4e2bfd0c9007b1032a50e539e965fd0a6037d87ad93ae1580d220a92d4c94098"
url = "https://github.com/astral-sh/uv/releases/download/0.12.13/uv-x86_64-unknown-linux-musl.tar.gz"
url_api = "https://api.github.com/repos/astral-sh/uv/releases/assets/555670382"
provenance = "github-attestations"

[tools.uv."platforms.macos-arm64"]
checksum = "sha256:7e6ddb9316acc00f2296c82ff4d99977870ee34b2f0ddcae9444d714db9364ed"
url = "https://github.com/astral-sh/uv/releases/download/0.12.13/uv-aarch64-apple-darwin.tar.gz"
url_api = "https://api.github.com/repos/astral-sh/uv/releases/assets/555670160"
provenance = "github-attestations"

[[tools.vale]]
version = "3.21.0"
backend = "aqua:vale-cli/vale"

[tools.vale."platforms.linux-arm64"]
checksum = "sha256:90ffb06fe58db5be96c7d86f65d38213e5fc66b6e3c4eb3baa65b14a5830513e"
url = "https://github.com/vale-cli/vale/releases/download/v3.21.0/vale_3.21.0_Linux_arm64.tar.gz"
url_api = "https://api.github.com/repos/vale-cli/vale/releases/assets/553684353"

[tools.vale."platforms.linux-x64"]
checksum = "sha256:96997d19a4ca6981673b0d4c5ca7f3ede4a9f97964a96edc29fba9e28a328336"
url = "https://github.com/vale-cli/vale/releases/download/v3.21.0/vale_3.21.0_Linux_64-bit.tar.gz"
url_api = "https://api.github.com/repos/vale-cli/vale/releases/assets/553684318"

[tools.vale."platforms.macos-arm64"]
checksum = "sha256:8080df46d74b82f0e725fb2949f31ade3dbd2987fd3fc506f9d9ed92e4a8002d"
url = "https://github.com/vale-cli/vale/releases/download/v3.21.0/vale_3.21.0_macOS_arm64.tar.gz"
url_api = "https://api.github.com/repos/vale-cli/vale/releases/assets/553684323"

[[tools.zizmor]]
version = "1.30.1"
backend = "aqua:zizmorcore/zizmor"

[tools.zizmor."platforms.linux-arm64"]
checksum = "sha256:7ff1dce33bdd18fd2a4affe63bdd47efcccca97b2cec1c1863ec26e9e2647540"
url = "https://github.com/zizmorcore/zizmor/releases/download/v1.30.1/zizmor-aarch64-unknown-linux-gnu.tar.gz"
url_api = "https://api.github.com/repos/zizmorcore/zizmor/releases/assets/552067643"
provenance = "github-attestations"

[tools.zizmor."platforms.linux-x64"]
checksum = "sha256:e65324f4430c2717591937edcec90ccbefaf14c174f8ec9415e03ca875b46e1a"
url = "https://github.com/zizmorcore/zizmor/releases/download/v1.30.1/zizmor-x86_64-unknown-linux-gnu.tar.gz"
url_api = "https://api.github.com/repos/zizmorcore/zizmor/releases/assets/552067642"
provenance = "github-attestations"

[tools.zizmor."platforms.macos-arm64"]
checksum = "sha256:e28d22b087f9ebb8d99da6e740d348c930f559961c7c3f12badda54f882195a2"
url = "https://github.com/zizmorcore/zizmor/releases/download/v1.30.1/zizmor-aarch64-apple-darwin.tar.gz"
url_api = "https://api.github.com/repos/zizmorcore/zizmor/releases/assets/552067640"
provenance = "github-attestations"
