# @generated - this file is auto-generated by `mise lock` https://mise.en.dev/dev-tools/mise-lock.html

[[tools.actionlint]]
version = "1.7.12"
backend = "aqua:rhysd/actionlint"

[tools.actionlint."platforms.linux-arm64"]
checksum = "sha256:325e971b6ba9bfa504672e29be93c24981eeb1c07576d730e9f7c8805afff0c6"
url = "https://github.com/rhysd/actionlint/releases/download/v1.7.12/actionlint_1.7.12_linux_arm64.tar.gz"
url_api = "https://api.github.com/repos/rhysd/actionlint/releases/assets/384924897"
provenance = "github-attestations"

[tools.actionlint."platforms.linux-x64"]
checksum = "sha256:8aca8db96f1b94770f1b0d72b6dddcb1ebb8123cb3712530b08cc387b349a3d8"
url = "https://github.com/rhysd/actionlint/releases/download/v1.7.12/actionlint_1.7.12_linux_amd64.tar.gz"
url_api = "https://api.github.com/repos/rhysd/actionlint/releases/assets/384924896"
provenance = "github-attestations"

[tools.actionlint."platforms.macos-arm64"]
checksum = "sha256:aba9ced2dee8d27fecca3dc7feb1a7f9a52caefa1eb46f3271ea66b6e0e6953f"
url = "https://github.com/rhysd/actionlint/releases/download/v1.7.12/actionlint_1.7.12_darwin_arm64.tar.gz"
url_api = "https://api.github.com/repos/rhysd/actionlint/releases/assets/384924893"
provenance = "github-attestations"

[[tools.amp]]
version = "0.0.1783547350-gd57707"
backend = "npm:@ampcode/cli"

[tools.amp.options]
allow_builds = '["@ampcode/cli"]'

[[tools."aqua:anomalyco/opencode"]]
version = "1.18.15"
backend = "aqua:anomalyco/opencode"

[tools."aqua:anomalyco/opencode"."platforms.linux-arm64"]
checksum = "sha256:500611819ff88916b185649990505a9be76ad13ca5bb4b9323e5abdd39b1c6fb"
url = "https://github.com/anomalyco/opencode/releases/download/v1.18.15/opencode-linux-arm64.tar.gz"
url_api = "https://api.github.com/repos/anomalyco/opencode/releases/assets/504765741"

[tools."aqua:anomalyco/opencode"."platforms.linux-x64"]
checksum = "sha256:d842e0e8c622c672a481b7dc6f0329009b64db96b2ba6041e56f4f93f0293b1c"
url = "https://github.com/anomalyco/opencode/releases/download/v1.18.15/opencode-linux-x64.tar.gz"
url_api = "https://api.github.com/repos/anomalyco/opencode/releases/assets/504765645"

[tools."aqua:anomalyco/opencode"."platforms.macos-arm64"]
checksum = "sha256:bd60b57cb9fe0494a5352c807424d36d6d7853cf6dbddb97065c7ccd3c5d391c"
url = "https://github.com/anomalyco/opencode/releases/download/v1.18.15/opencode-darwin-arm64.zip"
url_api = "https://api.github.com/repos/anomalyco/opencode/releases/assets/504765572"

[[tools."aqua:google/osv-scanner"]]
version = "2.5.0"
backend = "aqua:google/osv-scanner"

[tools."aqua:google/osv-scanner"."platforms.linux-arm64"]
checksum = "sha256:fe152e1a546af223e6c557cc3111a8bb3e5dc02fcbf7dbe95d26567c0f0041f2"
url = "https://github.com/google/osv-scanner/releases/download/v2.5.0/osv-scanner_linux_arm64"
url_api = "https://api.github.com/repos/google/osv-scanner/releases/assets/504695126"

[tools."aqua:google/osv-scanner"."platforms.linux-arm64".provenance.slsa]
url = "https://github.com/google/osv-scanner/releases/download/v2.5.0/multiple.intoto.jsonl"

[tools."aqua:google/osv-scanner"."platforms.linux-x64"]
checksum = "sha256:edcfc41d257db36148f065055655fe3fcfc434b0b423ea67468a84c207524e0c"
url = "https://github.com/google/osv-scanner/releases/download/v2.5.0/osv-scanner_linux_amd64"
url_api = "https://api.github.com/repos/google/osv-scanner/releases/assets/504695129"

[tools."aqua:google/osv-scanner"."platforms.linux-x64".provenance.slsa]
url = "https://github.com/google/osv-scanner/releases/download/v2.5.0/multiple.intoto.jsonl"

[tools."aqua:google/osv-scanner"."platforms.macos-arm64"]
checksum = "sha256:fff5a2e351b7f0a60001e87cbf862e82fb82e2792d368b533fec7a5865a73da2"
url = "https://github.com/google/osv-scanner/releases/download/v2.5.0/osv-scanner_darwin_arm64"
url_api = "https://api.github.com/repos/google/osv-scanner/releases/assets/504695168"

[tools."aqua:google/osv-scanner"."platforms.macos-arm64".provenance.slsa]
url = "https://github.com/google/osv-scanner/releases/download/v2.5.0/multiple.intoto.jsonl"

[[tools."aqua:shenwei356/rush"]]
version = "0.9.0"
backend = "aqua:shenwei356/rush"

[tools."aqua:shenwei356/rush"."platforms.linux-arm64"]
checksum = "sha256:e8cf6a45eab9e67b952650ea90eb87f457ac1a95a2d7e338eea88a4da488da7b"
url = "https://github.com/shenwei356/rush/releases/download/v0.9.0/rush_linux_arm64.tar.gz"

[tools."aqua:shenwei356/rush"."platforms.linux-x64"]
checksum = "sha256:436d935bcd0dc263d20674201cd3e9c85059d331d8641f970e1e8958ad0af4fc"
url = "https://github.com/shenwei356/rush/releases/download/v0.9.0/rush_linux_amd64.tar.gz"

[tools."aqua:shenwei356/rush"."platforms.macos-arm64"]
checksum = "sha256:f5cd118ee7a04c70849c891e172ed1d3fb85fc5c14a7dacddb1d5c210b0f0613"
url = "https://github.com/shenwei356/rush/releases/download/v0.9.0/rush_darwin_arm64.tar.gz"

[[tools.ast-grep]]
version = "0.45.1"
backend = "aqua:ast-grep/ast-grep"

[tools.ast-grep."platforms.linux-arm64"]
checksum = "sha256:9ee7ec49aada3dc05135d21977af089a33fc3154ada25bab102daca90b5098f2"
url = "https://github.com/ast-grep/ast-grep/releases/download/0.45.1/app-aarch64-unknown-linux-gnu.zip"
url_api = "https://api.github.com/repos/ast-grep/ast-grep/releases/assets/505306241"

[tools.ast-grep."platforms.linux-x64"]
checksum = "sha256:76fb6555be6734fb5057dba8d2fb756430f374bb9e1af694cf1ce00e13238d63"
url = "https://github.com/ast-grep/ast-grep/releases/download/0.45.1/app-x86_64-unknown-linux-gnu.zip"
url_api = "https://api.github.com/repos/ast-grep/ast-grep/releases/assets/505305291"

[tools.ast-grep."platforms.macos-arm64"]
checksum = "sha256:6c761afbdc072a7a9006d0dc5c49b3247fef195b8bebe675b4aa385ff872d9c3"
url = "https://github.com/ast-grep/ast-grep/releases/download/0.45.1/app-aarch64-apple-darwin.zip"
url_api = "https://api.github.com/repos/ast-grep/ast-grep/releases/assets/505305714"

[[tools.aube]]
version = "1.38.0"
backend = "aqua:jdx/aube"

[tools.aube."platforms.linux-arm64"]
checksum = "sha256:a7e2f83d2ab0d539a448a7ad5620b3989c9257d2cf77ca549343dfbd07785fc5"
url = "https://github.com/jdx/aube/releases/download/v1.38.0/aube-v1.38.0-aarch64-unknown-linux-gnu.tar.gz"
url_api = "https://api.github.com/repos/jdx/aube/releases/assets/505390654"
provenance = "github-attestations"

[tools.aube."platforms.linux-x64"]
checksum = "sha256:3e027b1e3acb071b76f4ccb4c0714c28a0caedcb1b3c4417f9c150c5445f9832"
url = "https://github.com/jdx/aube/releases/download/v1.38.0/aube-v1.38.0-x86_64-unknown-linux-gnu.tar.gz"
url_api = "https://api.github.com/repos/jdx/aube/releases/assets/505365949"
provenance = "github-attestations"

[tools.aube."platforms.macos-arm64"]
checksum = "sha256:d1a2d56a3958ac4783c1f91d99421c9d4960fc61adfd7c7bff620d4c97258741"
url = "https://github.com/jdx/aube/releases/download/v1.38.0/aube-v1.38.0-aarch64-apple-darwin.tar.gz"
url_api = "https://api.github.com/repos/jdx/aube/releases/assets/505460266"
provenance = "github-attestations"

[[tools.aws]]
version = "2.36.20"
backend = "aqua:aws/aws-cli"

[tools.aws."platforms.linux-arm64"]
url = "https://awscli.amazonaws.com/awscli-exe-linux-aarch64-2.36.20.zip"

[tools.aws."platforms.linux-x64"]
url = "https://awscli.amazonaws.com/awscli-exe-linux-x86_64-2.36.20.zip"

[tools.aws."platforms.macos-arm64"]
checksum = "blake3:bb63eaf2e2cf2d44c89182d40e524c607d05a5ac6c7625872a3b17e45f2df816"
url = "https://awscli.amazonaws.com/AWSCLIV2-2.36.20.pkg"

[[tools.bats]]
version = "1.14.0"
backend = "aqua:bats-core/bats-core"

[tools.bats."platforms.linux-arm64"]
url = "https://github.com/bats-core/bats-core/archive/refs/tags/v1.14.0.tar.gz"
url_api = "https://api.github.com/repos/bats-core/bats-core/tarball/v1.14.0"

[tools.bats."platforms.linux-x64"]
url = "https://github.com/bats-core/bats-core/archive/refs/tags/v1.14.0.tar.gz"
url_api = "https://api.github.com/repos/bats-core/bats-core/tarball/v1.14.0"

[tools.bats."platforms.macos-arm64"]
checksum = "blake3:9b3dc5d296f3da85ce1062c7f9648c979cf2b982f0151f785eaa84d448dec779"
url = "https://github.com/bats-core/bats-core/archive/refs/tags/v1.14.0.tar.gz"
url_api = "https://api.github.com/repos/bats-core/bats-core/tarball/v1.14.0"

[[tools.bun]]
version = "1.3.14"
backend = "core:bun"

[tools.bun."platforms.linux-arm64"]
checksum = "sha256:a27ffb63a8310375836e0d6f668ae17fa8d8d18b88c37c821c65331973a19a3b"
url = "https://github.com/oven-sh/bun/releases/download/bun-v1.3.14/bun-linux-aarch64.zip"

[tools.bun."platforms.linux-arm64-musl"]
checksum = "sha256:b98e0ad3625c5c00d1d5b5ff55605c7adddbfae151861e68ade57b2d3b8703bb"
url = "https://github.com/oven-sh/bun/releases/download/bun-v1.3.14/bun-linux-aarch64-musl.zip"

[tools.bun."platforms.linux-x64"]
checksum = "sha256:951ee2aee855f08595aeec6225226a298d3fea83a3dcd6465c09cbccdf7e848f"
url = "https://github.com/oven-sh/bun/releases/download/bun-v1.3.14/bun-linux-x64.zip"

[tools.bun."platforms.linux-x64-baseline"]
checksum = "sha256:a063908ae08b7852ca10939bbdc6ceed3ddabce8fb9402dce83d65d73b36e6c7"
url = "https://github.com/oven-sh/bun/releases/download/bun-v1.3.14/bun-linux-x64-baseline.zip"

[tools.bun."platforms.linux-x64-musl"]
checksum = "sha256:14bd9aedeebf1dba67e8def9531c89bc989ecfdf1de42e5bfcaf1b8cd9294719"
url = "https://github.com/oven-sh/bun/releases/download/bun-v1.3.14/bun-linux-x64-musl.zip"

[tools.bun."platforms.linux-x64-musl-baseline"]
checksum = "sha256:56a7d6806cf155536c0178f0ea5fbd098e684fa509ebdb4fc0a7e19fb65382dc"
url = "https://github.com/oven-sh/bun/releases/download/bun-v1.3.14/bun-linux-x64-musl-baseline.zip"

[tools.bun."platforms.macos-arm64"]
checksum = "sha256:d8b96221828ad6f97ac7ac0ab7e95872341af763001e8803e8267652c2652620"
url = "https://github.com/oven-sh/bun/releases/download/bun-v1.3.14/bun-darwin-aarch64.zip"

[[tools."cargo:build-wrap"]]
version = "0.7.0"
backend = "cargo:build-wrap"

[[tools.claude]]
version = "2.1.227"
backend = "aqua:anthropics/claude-code"

[tools.claude."platforms.linux-arm64"]
url = "https://storage.googleapis.com/claude-code-dist-86c565f3-f756-42ad-8dfa-d59b1c096819/claude-code-releases/2.1.227/linux-arm64/claude"

[tools.claude."platforms.linux-x64"]
url = "https://storage.googleapis.com/claude-code-dist-86c565f3-f756-42ad-8dfa-d59b1c096819/claude-code-releases/2.1.227/linux-x64/claude"

[tools.claude."platforms.macos-arm64"]
checksum = "blake3:5b46a0145ae4df43bbeb553791b9cb860b61ee1113724b1b43d5b9923708c40a"
url = "https://storage.googleapis.com/claude-code-dist-86c565f3-f756-42ad-8dfa-d59b1c096819/claude-code-releases/2.1.227/darwin-arm64/claude"

[[tools.codex]]
version = "0.147.0"
backend = "aqua:openai/codex"

[tools.codex."platforms.linux-arm64"]
checksum = "sha256:89cbf79bd5ae6f9c58da47e8079f311c84219350c9c43c070d42f3e9b2a81401"
url = "https://github.com/openai/codex/releases/download/rust-v0.147.0/codex-package-aarch64-unknown-linux-musl.tar.gz"
url_api = "https://api.github.com/repos/openai/codex/releases/assets/504450495"

[tools.codex."platforms.linux-x64"]
checksum = "sha256:bd758d53d56e41dc65e045f4589df79a038ed197a011adcb52a258e6ad64cfda"
url = "https://github.com/openai/codex/releases/download/rust-v0.147.0/codex-package-x86_64-unknown-linux-musl.tar.gz"
url_api = "https://api.github.com/repos/openai/codex/releases/assets/504450439"

[tools.codex."platforms.macos-arm64"]
checksum = "sha256:17b2984eb22b607e3d0c25728252fc90f510e476bad39a6d9f45cdb1aa685432"
url = "https://github.com/openai/codex/releases/download/rust-v0.147.0/codex-package-aarch64-apple-darwin.tar.gz"
url_api = "https://api.github.com/repos/openai/codex/releases/assets/504450535"

[[tools.deno]]
version = "2.9.5"
backend = "core:deno"

[tools.deno."platforms.linux-arm64"]
checksum = "sha256:6b7cae3a8fc4385a59dea3146fcb8bad7fea4230e0ad36a8c692afacbc254be0"
url = "https://dl.deno.land/release/v2.9.5/deno-aarch64-unknown-linux-gnu.zip"

[tools.deno."platforms.linux-x64"]
checksum = "sha256:8b010a3b1a4a0188a67cdb8a7a27348b2a501af78aec7fc74f2ace167368d530"
url = "https://dl.deno.land/release/v2.9.5/deno-x86_64-unknown-linux-gnu.zip"

[tools.deno."platforms.macos-arm64"]
checksum = "sha256:b796aadd131f6930560c1ee040cf0d6f53933fbb987464e9ff46bd7ea4830615"
url = "https://dl.deno.land/release/v2.9.5/deno-aarch64-apple-darwin.zip"

[[tools.fnox]]
version = "1.32.0"
backend = "github:jdx/fnox"

[tools.fnox."platforms.linux-arm64"]
checksum = "sha256:7b6287489b780ebd474fa51c026a7df43ee9ad684fcbe13ad3a75b3e1d4a276b"
url = "https://github.com/jdx/fnox/releases/download/v1.32.0/fnox-aarch64-unknown-linux-gnu.tar.gz"
url_api = "https://api.github.com/repos/jdx/fnox/releases/assets/497823870"
provenance = "github-attestations"

[tools.fnox."platforms.linux-x64"]
checksum = "sha256:7d619e0dc30a1c229a58356f04bcae326255d6a19e78c256bd06b239429728df"
url = "https://github.com/jdx/fnox/releases/download/v1.32.0/fnox-x86_64-unknown-linux-gnu.tar.gz"
url_api = "https://api.github.com/repos/jdx/fnox/releases/assets/497823899"
provenance = "github-attestations"

[tools.fnox."platforms.macos-arm64"]
checksum = "sha256:8eac892958b54b01146e103d0aaaf80ca09c4bd77652930a7864da0b7eacd243"
url = "https://github.com/jdx/fnox/releases/download/v1.32.0/fnox-aarch64-apple-darwin.tar.gz"
url_api = "https://api.github.com/repos/jdx/fnox/releases/assets/497823872"
provenance = "github-attestations"

[[tools.gcloud]]
version = "580.0.0"
backend = "vfox:mise-plugins/vfox-gcloud"

[tools.gcloud."platforms.linux-arm64"]
url = "https://storage.googleapis.com/cloud-sdk-release/google-cloud-sdk-580.0.0-linux-arm.tar.gz"

[tools.gcloud."platforms.linux-x64"]
url = "https://storage.googleapis.com/cloud-sdk-release/google-cloud-sdk-580.0.0-linux-x86_64.tar.gz"

[tools.gcloud."platforms.macos-arm64"]
url = "https://storage.googleapis.com/cloud-sdk-release/google-cloud-sdk-580.0.0-darwin-arm.tar.gz"

[[tools."github:CosineAI/argusred-dist"]]
version = "0.1.7"
backend = "github:CosineAI/argusred-dist"

[tools."github:CosineAI/argusred-dist"."platforms.linux-arm64"]
checksum = "sha256:6f34cdd1c2f1873c80790829b6938c799f3ba01a470be04e8e42145b4be98bd3"
url = "https://github.com/CosineAI/argusred-dist/releases/download/v0.1.7/argusred-linux-arm64.tar.gz"
url_api = "https://api.github.com/repos/CosineAI/argusred-dist/releases/assets/452991385"

[tools."github:CosineAI/argusred-dist"."platforms.linux-x64"]
checksum = "sha256:cc30ecc61f2f9d9cab0b68d39338ae581ebb3efbfef4cf262f96b5caeba228e4"
url = "https://github.com/CosineAI/argusred-dist/releases/download/v0.1.7/argusred-linux-amd64.tar.gz"
url_api = "https://api.github.com/repos/CosineAI/argusred-dist/releases/assets/452990685"

[tools."github:CosineAI/argusred-dist"."platforms.macos-arm64"]
checksum = "sha256:90e57237ba3501a49fd019433d5aea5965f53efed98157624516296eaf7a7cc2"
url = "https://github.com/CosineAI/argusred-dist/releases/download/v0.1.7/argusred-darwin-arm64.tar.gz"
url_api = "https://api.github.com/repos/CosineAI/argusred-dist/releases/assets/452990911"

[[tools."github:CosineAI/cli"]]
version = "2.0.27"
backend = "github:CosineAI/cli"

[tools."github:CosineAI/cli"."platforms.linux-arm64"]
checksum = "sha256:83b358dc61648251003d087ee9f2c5c4cb29f43d8688444bd0e7f797f653c396"
url = "https://github.com/CosineAI/cli/releases/download/2.0.27/cos-linux-arm64.zip"
url_api = "https://api.github.com/repos/CosineAI/cli/releases/assets/484630645"

[tools."github:CosineAI/cli"."platforms.linux-x64"]
checksum = "sha256:81eb8e8b6205e3ee56d00e329f14a812595e2055ccdaadc1d6bc754d3d20703e"
url = "https://github.com/CosineAI/cli/releases/download/2.0.27/cos-linux-amd64.zip"
url_api = "https://api.github.com/repos/CosineAI/cli/releases/assets/484630643"

[tools."github:CosineAI/cli"."platforms.macos-arm64"]
checksum = "sha256:846ad4d1bf6b2974595b80e399bd293b72c4b566661d39afa1fc04c5a3e3e947"
url = "https://github.com/CosineAI/cli/releases/download/2.0.27/cos-darwin-arm64.zip"
url_api = "https://api.github.com/repos/CosineAI/cli/releases/assets/484630646"

[[tools."github:can1357/oh-my-pi"]]
version = "17.3.4"
backend = "github:can1357/oh-my-pi"

[tools."github:can1357/oh-my-pi"."platforms.linux-arm64"]
checksum = "sha256:8e27e7bfe49fc0f33f6cb0b50128ab85fe5403330d1dfb5bb34cf1f7422cdce8"
url = "https://github.com/can1357/oh-my-pi/releases/download/v17.3.4/omp-linux-arm64"
url_api = "https://api.github.com/repos/can1357/oh-my-pi/releases/assets/514436060"

[tools."github:can1357/oh-my-pi"."platforms.linux-x64"]
checksum = "sha256:3fce4b25628064b0cd7bfbc6245ecdada331750ed4b341aca6bd29ba4478aab5"
url = "https://github.com/can1357/oh-my-pi/releases/download/v17.3.4/omp-linux-x64"
url_api = "https://api.github.com/repos/can1357/oh-my-pi/releases/assets/514436056"

[tools."github:can1357/oh-my-pi"."platforms.macos-arm64"]
checksum = "sha256:76a6c22f8ba4ba319e3d528adcd921949e0338f2b13042721e64b990f6fffe16"
url = "https://github.com/can1357/oh-my-pi/releases/download/v17.3.4/omp-darwin-arm64"
url_api = "https://api.github.com/repos/can1357/oh-my-pi/releases/assets/514436058"

[[tools."github:herdrdev/herdr"]]
version = "0.8.0"
backend = "github:herdrdev/herdr"

[tools."github:herdrdev/herdr"."platforms.linux-arm64"]
checksum = "sha256:f647ac66468d9efbc642fe534fb284468f0aea60641606fc008dfc0d82a3ca87"
url = "https://github.com/herdrdev/herdr/releases/download/v0.8.0/herdr-linux-aarch64"
url_api = "https://api.github.com/repos/herdrdev/herdr/releases/assets/500422627"

[tools."github:herdrdev/herdr"."platforms.linux-x64"]
checksum = "sha256:b872ea7e40fa2cb17e857ac9b62b1bf26db7b403c622f5d2f3f5b35f6e9acd28"
url = "https://github.com/herdrdev/herdr/releases/download/v0.8.0/herdr-linux-x86_64"
url_api = "https://api.github.com/repos/herdrdev/herdr/releases/assets/500422625"

[tools."github:herdrdev/herdr"."platforms.macos-arm64"]
checksum = "sha256:d53a9f93fccfdfcc55632927bf51002f5add0aa7990bcdf508ffbd84ac658178"
url = "https://github.com/herdrdev/herdr/releases/download/v0.8.0/herdr-macos-aarch64"
url_api = "https://api.github.com/repos/herdrdev/herdr/releases/assets/500422629"

[[tools."github:ogulcancelik/herdr"]]
version = "0.7.5"
backend = "github:ogulcancelik/herdr"

[tools."github:ogulcancelik/herdr"."platforms.linux-arm64"]
checksum = "sha256:32e763a1499a6b694b1d708e4f062b743be1da9f34fcfa4d212d6db6fe09a8b9"
url = "https://github.com/ogulcancelik/herdr/releases/download/v0.7.5/herdr-linux-aarch64"
url_api = "https://api.github.com/repos/ogulcancelik/herdr/releases/assets/484992543"

[tools."github:ogulcancelik/herdr"."platforms.linux-x64"]
checksum = "sha256:3dc83288073e4c2d3c679a30e7be97bcca9141c6fd17dbbb9219142e95c59253"
url = "https://github.com/ogulcancelik/herdr/releases/download/v0.7.5/herdr-linux-x86_64"
url_api = "https://api.github.com/repos/ogulcancelik/herdr/releases/assets/484992544"

[tools."github:ogulcancelik/herdr"."platforms.macos-arm64"]
checksum = "sha256:37350546b0012555943b92eaf962665de4e264395baeb44227b8015e8ff5b0d6"
url = "https://github.com/ogulcancelik/herdr/releases/download/v0.7.5/herdr-macos-aarch64"
url_api = "https://api.github.com/repos/ogulcancelik/herdr/releases/assets/484992542"

[[tools."github:tamnd/kage"]]
version = "0.3.11"
backend = "github:tamnd/kage"

[tools."github:tamnd/kage"."platforms.linux-arm64"]
checksum = "sha256:2d91c34f1c0a4ccd8857e16158333074939d50bba380f79198a2c98bf4323886"
url = "https://github.com/tamnd/kage/releases/download/v0.3.11/kage_0.3.11_linux_arm64.tar.gz"
url_api = "https://api.github.com/repos/tamnd/kage/releases/assets/497441573"

[tools."github:tamnd/kage"."platforms.linux-x64"]
checksum = "sha256:0b94e56720482b458e1cfd5eef2d54423df4919d591a76e7eb6642c49548180e"
url = "https://github.com/tamnd/kage/releases/download/v0.3.11/kage_0.3.11_linux_amd64.tar.gz"
url_api = "https://api.github.com/repos/tamnd/kage/releases/assets/497441553"

[tools."github:tamnd/kage"."platforms.macos-arm64"]
checksum = "sha256:ceebc138b413efd8bcd2db201097ee74486d989f3ec899318860f1bf0b7d3cab"
url = "https://github.com/tamnd/kage/releases/download/v0.3.11/kage_0.3.11_darwin_arm64.tar.gz"
url_api = "https://api.github.com/repos/tamnd/kage/releases/assets/497441556"

[[tools.gitleaks]]
version = "8.30.1"
backend = "aqua:gitleaks/gitleaks"

[tools.gitleaks."platforms.linux-arm64"]
checksum = "sha256:e4a487ee7ccd7d3a7f7ec08657610aa3606637dab924210b3aee62570fb4b080"
url = "https://github.com/gitleaks/gitleaks/releases/download/v8.30.1/gitleaks_8.30.1_linux_arm64.tar.gz"

[tools.gitleaks."platforms.linux-x64"]
checksum = "sha256:551f6fc83ea457d62a0d98237cbad105af8d557003051f41f3e7ca7b3f2470eb"
url = "https://github.com/gitleaks/gitleaks/releases/download/v8.30.1/gitleaks_8.30.1_linux_x64.tar.gz"

[tools.gitleaks."platforms.macos-arm64"]
checksum = "sha256:b40ab0ae55c505963e365f271a8d3846efbc170aa17f2607f13df610a9aeb6a5"
url = "https://github.com/gitleaks/gitleaks/releases/download/v8.30.1/gitleaks_8.30.1_darwin_arm64.tar.gz"

[[tools.hcloud]]
version = "1.67.0"
backend = "aqua:hetznercloud/cli"

[tools.hcloud."platforms.linux-arm64"]
checksum = "sha256:343a0c86cbdae5d370f1a199ecdfc67c2026d153114ef0992529b692cb9937e8"
url = "https://github.com/hetznercloud/cli/releases/download/v1.67.0/hcloud-linux-arm64.tar.gz"
url_api = "https://api.github.com/repos/hetznercloud/cli/releases/assets/488375576"

[tools.hcloud."platforms.linux-x64"]
checksum = "sha256:7164483e05a1abef492768db429a28c21d579dc70e807558cb140debc2971477"
url = "https://github.com/hetznercloud/cli/releases/download/v1.67.0/hcloud-linux-amd64.tar.gz"
url_api = "https://api.github.com/repos/hetznercloud/cli/releases/assets/488375554"

[tools.hcloud."platforms.macos-arm64"]
checksum = "sha256:086295a836f4ee3ff062d6435c4b93108833b35278249414c461857aa42ac21a"
url = "https://github.com/hetznercloud/cli/releases/download/v1.67.0/hcloud-darwin-arm64.tar.gz"
url_api = "https://api.github.com/repos/hetznercloud/cli/releases/assets/488375578"

[[tools.hk]]
version = "1.54.1"
backend = "aqua:jdx/hk"

[tools.hk."platforms.linux-arm64"]
checksum = "sha256:e00420ef742e2e222c2030253a8fa868033daf43fe670de17c2e6957dc577443"
url = "https://github.com/jdx/hk/releases/download/v1.54.1/hk-aarch64-unknown-linux-gnu.tar.gz"
url_api = "https://api.github.com/repos/jdx/hk/releases/assets/505018166"

[tools.hk."platforms.linux-x64"]
checksum = "sha256:20775cfb4e8065aa25e790d888856d4d62cc2e688725c010f8a5fc112aa759b5"
url = "https://github.com/jdx/hk/releases/download/v1.54.1/hk-x86_64-unknown-linux-gnu.tar.gz"
url_api = "https://api.github.com/repos/jdx/hk/releases/assets/505018180"

[tools.hk."platforms.macos-arm64"]
checksum = "sha256:8384262050e5f523c58af9e23cd92e2274e38cf95b4e72cf66f63545afa149b2"
url = "https://github.com/jdx/hk/releases/download/v1.54.1/hk-aarch64-apple-darwin.tar.gz"
url_api = "https://api.github.com/repos/jdx/hk/releases/assets/505018164"

[[tools.node]]
version = "24.19.0"
backend = "core:node"

[tools.node.options]
compile = "false"

[tools.node."platforms.linux-arm64"]
checksum = "sha256:d28c8a5bf0a808f0ed434a1dce8c54ae98f0371c0bd86ac58abc613f73e6643f"
url = "https://nodejs.org/dist/v24.19.0/node-v24.19.0-linux-arm64.tar.gz"

[tools.node."platforms.linux-x64"]
checksum = "sha256:f625d97cd707df4ff96254916fbc5ff014f09c09effe5a1e0ca8f6d41a8789d4"
url = "https://nodejs.org/dist/v24.19.0/node-v24.19.0-linux-x64.tar.gz"

[tools.node."platforms.macos-arm64"]
checksum = "sha256:8294b7aa9b03997481c06babf1e8b270c859358f27da57a11509afe537ac381d"
url = "https://nodejs.org/dist/v24.19.0/node-v24.19.0-darwin-arm64.tar.gz"

[[tools."npm:@anthropic-ai/sandbox-runtime"]]
version = "0.0.62"
backend = "npm:@anthropic-ai/sandbox-runtime"

[[tools."npm:@earendil-works/pi-coding-agent"]]
version = "0.84.1"
backend = "npm:@earendil-works/pi-coding-agent"

[[tools."npm:@elevenlabs/cli"]]
version = "0.5.6"
backend = "npm:@elevenlabs/cli"

[[tools."npm:@kitlangton/ghui"]]
version = "0.9.0"
backend = "npm:@kitlangton/ghui"

[[tools."npm:@playwright/cli"]]
version = "0.1.18"
backend = "npm:@playwright/cli"

[[tools."npm:@tobilu/qmd"]]
version = "2.5.3"
backend = "npm:@tobilu/qmd"

[[tools."npm:agent-browser"]]
version = "0.33.2"
backend = "npm:agent-browser"

[[tools."npm:agent-device"]]
version = "0.20.6"
backend = "npm:agent-device"

[[tools."npm:apify-cli"]]
version = "1.7.1"
backend = "npm:apify-cli"

[[tools."npm:cf"]]
version = "0.6.0"
backend = "npm:cf"

[[tools."npm:critique"]]
version = "0.1.140"
backend = "npm:critique"

[[tools."npm:ctx7"]]
version = "0.5.7"
backend = "npm:ctx7"

[[tools."npm:deepsec"]]
version = "2.3.4"
backend = "npm:deepsec"

[[tools."npm:executor"]]
version = "1.5.40"
backend = "npm:executor"

[[tools."npm:firecrawl-cli"]]
version = "1.19.30"
backend = "npm:firecrawl-cli"

[[tools."npm:hunkdiff"]]
version = "0.17.7"
backend = "npm:hunkdiff"

[[tools."npm:obsidian-headless"]]
version = "0.0.14"
backend = "npm:obsidian-headless"

[[tools."npm:playwright"]]
version = "1.62.1"
backend = "npm:playwright"

[[tools."npm:portless"]]
version = "0.15.5"
backend = "npm:portless"

[[tools."npm:remobi"]]
version = "1.2.1"
backend = "npm:remobi"

[[tools."npm:serve-sim"]]
version = "0.1.45"
backend = "npm:serve-sim"

[[tools."npm:sharp-cli"]]
version = "5.2.0"
backend = "npm:sharp-cli"

[[tools."npm:skills"]]
version = "1.5.22"
backend = "npm:skills"

[[tools."npm:svgo"]]
version = "4.0.2"
backend = "npm:svgo"

[[tools."npm:typescript"]]
version = "7.0.2"
backend = "npm:typescript"

[[tools."npm:vercel"]]
version = "59.0.0"
backend = "npm:vercel"

[[tools."npm:wrangler"]]
version = "4.120.0"
backend = "npm:wrangler"

[[tools.oxlint]]
version = "1.77.0"
backend = "npm:oxlint"

[[tools.pandoc]]
version = "3.10.1"
backend = "github:jgm/pandoc"

[tools.pandoc."platforms.linux-arm64"]
checksum = "sha256:cd3963da375793a4804c65ae538b4f7b9c23f87cac7f6c74a1cf5e2fff7e8d59"
url = "https://github.com/jgm/pandoc/releases/download/3.10.1/pandoc-3.10.1-linux-arm64.tar.gz"
url_api = "https://api.github.com/repos/jgm/pandoc/releases/assets/486227617"
provenance = "github-attestations"

[tools.pandoc."platforms.linux-x64"]
checksum = "sha256:72948bf5784f560d5ad1876709daca27e0667f262da727bb33f77b58e52df2f5"
url = "https://github.com/jgm/pandoc/releases/download/3.10.1/pandoc-3.10.1-linux-amd64.tar.gz"
url_api = "https://api.github.com/repos/jgm/pandoc/releases/assets/486227507"
provenance = "github-attestations"

[tools.pandoc."platforms.macos-arm64"]
checksum = "sha256:8607160694a70ed9aa63776caa44acef3afb729c379c7c283724b7e27455bfda"
url = "https://github.com/jgm/pandoc/releases/download/3.10.1/pandoc-3.10.1-arm64-macOS.zip"
url_api = "https://api.github.com/repos/jgm/pandoc/releases/assets/486227385"
provenance = "github-attestations"

[[tools."pipx:batrachian-toad"]]
version = "0.6.20"
backend = "pipx:batrachian-toad"

[[tools."pipx:docling"]]
version = "2.118.0"
backend = "pipx:docling"

[[tools."pipx:markitdown"]]
version = "0.1.7"
backend = "pipx:markitdown"

[tools."pipx:markitdown".options]
extras = "pdf,docx,pptx,xlsx,xls,outlook,audio-transcription,youtube-transcription"

[[tools."pipx:pyrefly"]]
version = "1.2.0"
backend = "pipx:pyrefly"

[[tools."pipx:rembg"]]
version = "2.0.69"
backend = "pipx:rembg"

[tools."pipx:rembg".options]
extras = "cli,cpu"
uvx_args = "--with numpy<2.3"

[[tools."pipx:tau-ai"]]
version = "0.3.7"
backend = "pipx:tau-ai"

[[tools."pipx:ty"]]
version = "0.0.69"
backend = "pipx:ty"

[[tools.pkl]]
version = "0.32.0"
backend = "aqua:apple/pkl"

[tools.pkl."platforms.linux-arm64"]
checksum = "sha256:b1ba7ef5dec9287f8f843ce563911eba822fed5789a5baab8cc712615a9dbaf0"
url = "https://github.com/apple/pkl/releases/download/0.32.0/pkl-linux-aarch64"
url_api = "https://api.github.com/repos/apple/pkl/releases/assets/470498156"

[tools.pkl."platforms.linux-x64"]
checksum = "sha256:15e7e7375c28b8542b3d13fe35bccaeb7b9542114008998708385489885f41e7"
url = "https://github.com/apple/pkl/releases/download/0.32.0/pkl-linux-amd64"
url_api = "https://api.github.com/repos/apple/pkl/releases/assets/470498153"

[tools.pkl."platforms.macos-arm64"]
checksum = "sha256:fb891856705f3dcb8589c74999e01ded3eeb6b77ad5c6a95c02579a848c13928"
url = "https://github.com/apple/pkl/releases/download/0.32.0/pkl-macos-aarch64"
url_api = "https://api.github.com/repos/apple/pkl/releases/assets/470498155"

[[tools.pnpm]]
version = "11.20.0"
backend = "aqua:pnpm/pnpm"

[tools.pnpm."platforms.linux-arm64"]
checksum = "sha256:f00fc2041bb41742b7943bf2bb24183ad20320e8384824a8031eb94edf2f57a5"
url = "https://github.com/pnpm/pnpm/releases/download/v11.20.0/pnpm-linux-arm64.tar.gz"
url_api = "https://api.github.com/repos/pnpm/pnpm/releases/assets/500142378"
provenance = "github-attestations"

[tools.pnpm."platforms.linux-x64"]
checksum = "sha256:b4ad6ad2b21db2f8cd50af416c3aa148ba704c31c84893f465a770a01c2c4572"
url = "https://github.com/pnpm/pnpm/releases/download/v11.20.0/pnpm-linux-x64.tar.gz"
url_api = "https://api.github.com/repos/pnpm/pnpm/releases/assets/500142376"
provenance = "github-attestations"

[tools.pnpm."platforms.macos-arm64"]
checksum = "sha256:4bc97fea72e5c92eec1fefc8d410c35d01e0d0d52f3160c59f38c32db58b5cd2"
url = "https://github.com/pnpm/pnpm/releases/download/v11.20.0/pnpm-darwin-arm64.tar.gz"
url_api = "https://api.github.com/repos/pnpm/pnpm/releases/assets/500142373"
provenance = "github-attestations"

[[tools.python]]
version = "3.14.7"
backend = "core:python"

[tools.python."platforms.linux-arm64"]
checksum = "sha256:4dba8d7e06199f841a9d6b54e4eb58d446a5c20c65085a916190dd0162c6e93b"
url = "https://github.com/astral-sh/python-build-standalone/releases/download/20260807/cpython-3.14.7+20260807-aarch64-unknown-linux-gnu-install_only_stripped.tar.gz"
provenance = "github-attestations"

[tools.python."platforms.linux-x64"]
checksum = "sha256:a2478d654ed51d443bae21ec20ad927f116b4f5aae4094ab74918a6aa38f0575"
url = "https://github.com/astral-sh/python-build-standalone/releases/download/20260807/cpython-3.14.7+20260807-x86_64-unknown-linux-gnu-install_only_stripped.tar.gz"
provenance = "github-attestations"

[tools.python."platforms.macos-arm64"]
checksum = "blake3:0fffab4211fa179caf8acb8324e08af1ba0c13288d5f1677c4f8eb2b40601cc0"
url = "https://github.com/astral-sh/python-build-standalone/releases/download/20260807/cpython-3.14.7+20260807-aarch64-apple-darwin-install_only_stripped.tar.gz"
provenance = "github-attestations"

[[tools.ruff]]
version = "0.16.2"
backend = "aqua:astral-sh/ruff"

[tools.ruff."platforms.linux-arm64"]
checksum = "sha256:7cc696f9d89cfeef02167301feedfc3017061fe45df3688b4f3589cde90a1139"
url = "https://github.com/astral-sh/ruff/releases/download/0.16.2/ruff-aarch64-unknown-linux-musl.tar.gz"
url_api = "https://api.github.com/repos/astral-sh/ruff/releases/assets/505191631"
provenance = "github-attestations"

[tools.ruff."platforms.linux-x64"]
checksum = "sha256:df690c6a80a7c41b6f1154dd0b5dfc152a209cafa06ffd3d4ff30f9751f4965c"
url = "https://github.com/astral-sh/ruff/releases/download/0.16.2/ruff-x86_64-unknown-linux-musl.tar.gz"
url_api = "https://api.github.com/repos/astral-sh/ruff/releases/assets/505191732"
provenance = "github-attestations"

[tools.ruff."platforms.macos-arm64"]
checksum = "sha256:fbf6cbc23d254b0bc03a6fb2b1b04efb917fe5ce068d027e735ce7ed65b9bed6"
url = "https://github.com/astral-sh/ruff/releases/download/0.16.2/ruff-aarch64-apple-darwin.tar.gz"
url_api = "https://api.github.com/repos/astral-sh/ruff/releases/assets/505191610"
provenance = "github-attestations"

[[tools.rumdl]]
version = "0.2.52"
backend = "aqua:rvben/rumdl"

[tools.rumdl."platforms.linux-arm64"]
checksum = "sha256:4bd607c1ddda3319bc4c4a5c4937dc0b4004e8342d3fedabc4b2fff8d7b81ad8"
url = "https://github.com/rvben/rumdl/releases/download/v0.2.52/rumdl-v0.2.52-aarch64-unknown-linux-musl.tar.gz"
url_api = "https://api.github.com/repos/rvben/rumdl/releases/assets/503021476"
provenance = "github-attestations"

[tools.rumdl."platforms.linux-x64"]
checksum = "sha256:47dd0a01e901cc479e30f72dd8ce18da4499f5b202032f73f43f9fbafafa4986"
url = "https://github.com/rvben/rumdl/releases/download/v0.2.52/rumdl-v0.2.52-x86_64-unknown-linux-musl.tar.gz"
url_api = "https://api.github.com/repos/rvben/rumdl/releases/assets/503021484"
provenance = "github-attestations"

[tools.rumdl."platforms.macos-arm64"]
checksum = "sha256:a6baf795f04fc4c6bf7dbb5362b8413df6295a94b32cd3e0c15d1c0b6b68b8ec"
url = "https://github.com/rvben/rumdl/releases/download/v0.2.52/rumdl-v0.2.52-aarch64-apple-darwin.tar.gz"
url_api = "https://api.github.com/repos/rvben/rumdl/releases/assets/503021481"
provenance = "github-attestations"

[[tools.rust]]
version = "1.97.1"
backend = "core:rust"

[[tools.shellcheck]]
version = "0.11.0"
backend = "aqua:koalaman/shellcheck"

[tools.shellcheck."platforms.linux-arm64"]
checksum = "sha256:12b331c1d2db6b9eb13cfca64306b1b157a86eb69db83023e261eaa7e7c14588"
url = "https://github.com/koalaman/shellcheck/releases/download/v0.11.0/shellcheck-v0.11.0.linux.aarch64.tar.xz"

[tools.shellcheck."platforms.linux-x64"]
checksum = "sha256:8c3be12b05d5c177a04c29e3c78ce89ac86f1595681cab149b65b97c4e227198"
url = "https://github.com/koalaman/shellcheck/releases/download/v0.11.0/shellcheck-v0.11.0.linux.x86_64.tar.xz"

[tools.shellcheck."platforms.macos-arm64"]
checksum = "sha256:56affdd8de5527894dca6dc3d7e0a99a873b0f004d7aabc30ae407d3f48b0a79"
url = "https://github.com/koalaman/shellcheck/releases/download/v0.11.0/shellcheck-v0.11.0.darwin.aarch64.tar.xz"

[[tools.shfmt]]
version = "3.13.1"
backend = "aqua:mvdan/sh"

[tools.shfmt."platforms.linux-arm64"]
checksum = "sha256:32d92acaa5cd8abb29fc49dac123dc412442d5713967819d8af2c29f1b3857c7"
url = "https://github.com/mvdan/sh/releases/download/v3.13.1/shfmt_v3.13.1_linux_arm64"

[tools.shfmt."platforms.linux-x64"]
checksum = "sha256:fb096c5d1ac6beabbdbaa2874d025badb03ee07929f0c9ff67563ce8c75398b1"
url = "https://github.com/mvdan/sh/releases/download/v3.13.1/shfmt_v3.13.1_linux_amd64"

[tools.shfmt."platforms.macos-arm64"]
checksum = "sha256:9680526be4a66ea1ffe988ed08af58e1400fe1e4f4aef5bd88b20bb9b3da33f8"
url = "https://github.com/mvdan/sh/releases/download/v3.13.1/shfmt_v3.13.1_darwin_arm64"

[[tools.typos]]
version = "1.49.0"
backend = "aqua:crate-ci/typos"

[tools.typos."platforms.linux-arm64"]
checksum = "sha256:85c8b87b22a0fb1da130cd4d495e0beba7f1225eb580933184509e146ec4c509"
url = "https://github.com/crate-ci/typos/releases/download/v1.49.0/typos-v1.49.0-aarch64-unknown-linux-musl.tar.gz"
url_api = "https://api.github.com/repos/crate-ci/typos/releases/assets/500258983"

[tools.typos."platforms.linux-x64"]
checksum = "sha256:48bd2d58e02ce713b8c0f1aa239e68ee4f7d8c551013135806e6aed3938d9e10"
url = "https://github.com/crate-ci/typos/releases/download/v1.49.0/typos-v1.49.0-x86_64-unknown-linux-musl.tar.gz"
url_api = "https://api.github.com/repos/crate-ci/typos/releases/assets/500261019"

[tools.typos."platforms.macos-arm64"]
checksum = "sha256:8c0e7bd40b2b60c0b0cfe9f74dd814b4d4385c956ce86860f7da9e62d91fdc73"
url = "https://github.com/crate-ci/typos/releases/download/v1.49.0/typos-v1.49.0-aarch64-apple-darwin.tar.gz"
url_api = "https://api.github.com/repos/crate-ci/typos/releases/assets/500262463"

[[tools.usage]]
version = "5.1.0"
backend = "aqua:jdx/usage"

[tools.usage."platforms.linux-arm64"]
checksum = "sha256:e2056b06c8d13f109389d53e758b4e79208f01360dec996751bc48ce658eb200"
url = "https://github.com/jdx/usage/releases/download/v5.1.0/usage-aarch64-unknown-linux-musl.tar.gz"
url_api = "https://api.github.com/repos/jdx/usage/releases/assets/507608014"

[tools.usage."platforms.linux-x64"]
checksum = "sha256:a702c639f8e25d1e10f42ab37e09b8f73634c09b23c7abe2ebd6ab6f9665e99c"
url = "https://github.com/jdx/usage/releases/download/v5.1.0/usage-x86_64-unknown-linux-musl.tar.gz"
url_api = "https://api.github.com/repos/jdx/usage/releases/assets/507608023"

[tools.usage."platforms.macos-arm64"]
checksum = "sha256:ca35e60afd2895ec0b5be9162dbef155a76384ce43573b1ab8a04fbb46e70cd9"
url = "https://github.com/jdx/usage/releases/download/v5.1.0/usage-universal-apple-darwin.tar.gz"
url_api = "https://api.github.com/repos/jdx/usage/releases/assets/507609560"

[[tools.uv]]
version = "0.12.4"
backend = "aqua:astral-sh/uv"

[tools.uv."platforms.linux-arm64"]
checksum = "sha256:04ed16e895b08065720e3d06cde722f0d406b63d116247d5e7776525c41f4972"
url = "https://github.com/astral-sh/uv/releases/download/0.12.4/uv-aarch64-unknown-linux-musl.tar.gz"
url_api = "https://api.github.com/repos/astral-sh/uv/releases/assets/513521211"
provenance = "github-attestations"

[tools.uv."platforms.linux-x64"]
checksum = "sha256:7aef04898775585d636424e52053e5328f2b1779175d5cb47665ff9d7524e8e7"
url = "https://github.com/astral-sh/uv/releases/download/0.12.4/uv-x86_64-unknown-linux-musl.tar.gz"
url_api = "https://api.github.com/repos/astral-sh/uv/releases/assets/513521278"
provenance = "github-attestations"

[tools.uv."platforms.macos-arm64"]
checksum = "sha256:99a913b606194867b43086404412c1afe079547fee72ecfb6af7e7b0dd54b0c6"
url = "https://github.com/astral-sh/uv/releases/download/0.12.4/uv-aarch64-apple-darwin.tar.gz"
url_api = "https://api.github.com/repos/astral-sh/uv/releases/assets/513521194"
provenance = "github-attestations"

[[tools.zizmor]]
version = "1.29.0"
backend = "aqua:zizmorcore/zizmor"

[tools.zizmor."platforms.linux-arm64"]
checksum = "sha256:415eaa7c0a06479a701b8e44a3e812c1047decc848ec4bede7bd6bbf49f22d20"
url = "https://github.com/zizmorcore/zizmor/releases/download/v1.29.0/zizmor-aarch64-unknown-linux-gnu.tar.gz"
url_api = "https://api.github.com/repos/zizmorcore/zizmor/releases/assets/498263143"
provenance = "github-attestations"

[tools.zizmor."platforms.linux-x64"]
checksum = "sha256:dd96df044a6e8538d5f423790f453bdd03d49e5b2bcc38214acc41a2f1297839"
url = "https://github.com/zizmorcore/zizmor/releases/download/v1.29.0/zizmor-x86_64-unknown-linux-gnu.tar.gz"
url_api = "https://api.github.com/repos/zizmorcore/zizmor/releases/assets/498263145"
provenance = "github-attestations"

[tools.zizmor."platforms.macos-arm64"]
checksum = "sha256:720322fade9e83a9c7953944c438f2ba942636b86b96a8f0e6b15ce94c8a6b6f"
url = "https://github.com/zizmorcore/zizmor/releases/download/v1.29.0/zizmor-aarch64-apple-darwin.tar.gz"
url_api = "https://api.github.com/repos/zizmorcore/zizmor/releases/assets/498263141"
provenance = "github-attestations"
